// !$*UTF8*$!
{
	archiveVersion = 1;
	classes = {
	};
	objectVersion = 46;
	objects = {

/* Begin PBXBuildFile section */
		2245C6611EDB82F8006CDFFF /* ExpandCollapseTableDataSource.swift in Sources */ = {isa = PBXBuildFile; fileRef = 2245C6601EDB82F8006CDFFF /* ExpandCollapseTableDataSource.swift */; };
		2245C6631EDBAC09006CDFFF /* GerenciamentoDePickerViews.swift in Sources */ = {isa = PBXBuildFile; fileRef = 2245C6621EDBAC09006CDFFF /* GerenciamentoDePickerViews.swift */; };
		2245C6651EDBB012006CDFFF /* String+Helpers.swift in Sources */ = {isa = PBXBuildFile; fileRef = 2245C6641EDBB012006CDFFF /* String+Helpers.swift */; };
		2245C6681EDBB741006CDFFF /* canil.json in Resources */ = {isa = PBXBuildFile; fileRef = 2245C6671EDBB741006CDFFF /* canil.json */; };
		224B67B01E565E6700CC98D1 /* AppDelegate.swift in Sources */ = {isa = PBXBuildFile; fileRef = 224B67AF1E565E6700CC98D1 /* AppDelegate.swift */; };
		224B67B51E565E6800CC98D1 /* Main.storyboard in Resources */ = {isa = PBXBuildFile; fileRef = 224B67B31E565E6800CC98D1 /* Main.storyboard */; };
		224B67B71E565E6800CC98D1 /* Assets.xcassets in Resources */ = {isa = PBXBuildFile; fileRef = 224B67B61E565E6800CC98D1 /* Assets.xcassets */; };
		224B67BA1E565E6800CC98D1 /* LaunchScreen.storyboard in Resources */ = {isa = PBXBuildFile; fileRef = 224B67B81E565E6800CC98D1 /* LaunchScreen.storyboard */; };
		224B67C41E565F4800CC98D1 /* ListaTarefasVC.swift in Sources */ = {isa = PBXBuildFile; fileRef = 224B67C31E565F4800CC98D1 /* ListaTarefasVC.swift */; };
		224B67C91E56633E00CC98D1 /* TarefaMainCell.swift in Sources */ = {isa = PBXBuildFile; fileRef = 224B67C81E56633E00CC98D1 /* TarefaMainCell.swift */; };
		224B67CB1E56685200CC98D1 /* MainTabBarVC.swift in Sources */ = {isa = PBXBuildFile; fileRef = 224B67CA1E56685200CC98D1 /* MainTabBarVC.swift */; };
		224B67CD1E56688F00CC98D1 /* ListaPacientesVC.swift in Sources */ = {isa = PBXBuildFile; fileRef = 224B67CC1E56688F00CC98D1 /* ListaPacientesVC.swift */; };
		224B67CF1E5668A900CC98D1 /* ListaProprietariosVC.swift in Sources */ = {isa = PBXBuildFile; fileRef = 224B67CE1E5668A900CC98D1 /* ListaProprietariosVC.swift */; };
		224B67D41E566FE600CC98D1 /* QuartzCore.framework in Frameworks */ = {isa = PBXBuildFile; fileRef = 224B67D31E566FE600CC98D1 /* QuartzCore.framework */; };
		224CE9591ED9157900164555 /* CadastroControllerProtocol.swift in Sources */ = {isa = PBXBuildFile; fileRef = 224CE9581ED9157900164555 /* CadastroControllerProtocol.swift */; };
		225197A21EDA22EF0087AA48 /* InternaVET.xcdatamodeld in Sources */ = {isa = PBXBuildFile; fileRef = 225197A01EDA22EF0087AA48 /* InternaVET.xcdatamodeld */; };
		225197EB1EDA47F50087AA48 /* AnimalDAO.swift in Sources */ = {isa = PBXBuildFile; fileRef = 225197EA1EDA47F50087AA48 /* AnimalDAO.swift */; };
		225197ED1EDA481F0087AA48 /* CanilDAO.swift in Sources */ = {isa = PBXBuildFile; fileRef = 225197EC1EDA481F0087AA48 /* CanilDAO.swift */; };
		225197EF1EDA482A0087AA48 /* ProprietarioDAO.swift in Sources */ = {isa = PBXBuildFile; fileRef = 225197EE1EDA482A0087AA48 /* ProprietarioDAO.swift */; };
		225197F11EDA48320087AA48 /* TarefaDAO.swift in Sources */ = {isa = PBXBuildFile; fileRef = 225197F01EDA48320087AA48 /* TarefaDAO.swift */; };
		225197F81EDA4A1A0087AA48 /* Proprietario+CoreDataClass.swift in Sources */ = {isa = PBXBuildFile; fileRef = 225197F21EDA4A1A0087AA48 /* Proprietario+CoreDataClass.swift */; };
		225197F91EDA4A1A0087AA48 /* Proprietario+CoreDataProperties.swift in Sources */ = {isa = PBXBuildFile; fileRef = 225197F31EDA4A1A0087AA48 /* Proprietario+CoreDataProperties.swift */; };
		225197FA1EDA4A1A0087AA48 /* Tarefa+CoreDataClass.swift in Sources */ = {isa = PBXBuildFile; fileRef = 225197F41EDA4A1A0087AA48 /* Tarefa+CoreDataClass.swift */; };
		225197FB1EDA4A1A0087AA48 /* Tarefa+CoreDataProperties.swift in Sources */ = {isa = PBXBuildFile; fileRef = 225197F51EDA4A1A0087AA48 /* Tarefa+CoreDataProperties.swift */; };
		225197FC1EDA4A1A0087AA48 /* Animal+CoreDataClass.swift in Sources */ = {isa = PBXBuildFile; fileRef = 225197F61EDA4A1A0087AA48 /* Animal+CoreDataClass.swift */; };
		225197FD1EDA4A1A0087AA48 /* Animal+CoreDataProperties.swift in Sources */ = {isa = PBXBuildFile; fileRef = 225197F71EDA4A1A0087AA48 /* Animal+CoreDataProperties.swift */; };
		225197FF1EDA5E590087AA48 /* GerenciamentoDeTarefas.swift in Sources */ = {isa = PBXBuildFile; fileRef = 225197FE1EDA5E590087AA48 /* GerenciamentoDeTarefas.swift */; };
		225198011EDA610D0087AA48 /* NSDate+Helpers.swift in Sources */ = {isa = PBXBuildFile; fileRef = 225198001EDA610D0087AA48 /* NSDate+Helpers.swift */; };
		2260D1491E590FC200A899E1 /* PacienteMainCell.swift in Sources */ = {isa = PBXBuildFile; fileRef = 2260D1481E590FC200A899E1 /* PacienteMainCell.swift */; };
		2260D14B1E590FDA00A899E1 /* TarefaBodyCell.swift in Sources */ = {isa = PBXBuildFile; fileRef = 2260D14A1E590FDA00A899E1 /* TarefaBodyCell.swift */; };
		2260D14D1E590FEC00A899E1 /* PacienteBodyCell.swift in Sources */ = {isa = PBXBuildFile; fileRef = 2260D14C1E590FEC00A899E1 /* PacienteBodyCell.swift */; };
		2266E3421E58DDBF00817904 /* CGRect+Helpers.swift in Sources */ = {isa = PBXBuildFile; fileRef = 2266E3411E58DDBF00817904 /* CGRect+Helpers.swift */; };
		226D9D8D1EDEEB0E00841049 /* GerenciamentoDeTextFields.swift in Sources */ = {isa = PBXBuildFile; fileRef = 226D9D8C1EDEEB0E00841049 /* GerenciamentoDeTextFields.swift */; };
		226DB1071EDED0C5003DB60D /* UISegment+Helpers.swift in Sources */ = {isa = PBXBuildFile; fileRef = 226DB1061EDED0C5003DB60D /* UISegment+Helpers.swift */; };
		226DB1091EDED157003DB60D /* UIPicker+Helpers.swift in Sources */ = {isa = PBXBuildFile; fileRef = 226DB1081EDED157003DB60D /* UIPicker+Helpers.swift */; };
		22718CE91EE3115D004A07A1 /* ProprietarioMainCell.swift in Sources */ = {isa = PBXBuildFile; fileRef = 22718CE81EE3115D004A07A1 /* ProprietarioMainCell.swift */; };
		22718CEB1EE31192004A07A1 /* ProprietarioBodyCell.swift in Sources */ = {isa = PBXBuildFile; fileRef = 22718CEA1EE31192004A07A1 /* ProprietarioBodyCell.swift */; };
		2271E7441E730C9400789FBF /* Cadastros.storyboard in Resources */ = {isa = PBXBuildFile; fileRef = 2271E7431E730C9400789FBF /* Cadastros.storyboard */; };
		2271E74B1E730DFB00789FBF /* CadastroPacienteVC.swift in Sources */ = {isa = PBXBuildFile; fileRef = 2271E74A1E730DFB00789FBF /* CadastroPacienteVC.swift */; };
		2271E74F1E730E2D00789FBF /* CadastroProprietarioVC.swift in Sources */ = {isa = PBXBuildFile; fileRef = 2271E74E1E730E2D00789FBF /* CadastroProprietarioVC.swift */; };
		2271E7511E730E4A00789FBF /* CadastroMedicacaoVC.swift in Sources */ = {isa = PBXBuildFile; fileRef = 2271E7501E730E4A00789FBF /* CadastroMedicacaoVC.swift */; };
		2271E7541E73102800789FBF /* MenuVC.swift in Sources */ = {isa = PBXBuildFile; fileRef = 2271E7531E73102800789FBF /* MenuVC.swift */; };
		227CF1F31ED951F200339CED /* CadastroBaseVC.swift in Sources */ = {isa = PBXBuildFile; fileRef = 227CF1F21ED951F200339CED /* CadastroBaseVC.swift */; };
		227CF2BB1ED957E100339CED /* AExame.txt in Resources */ = {isa = PBXBuildFile; fileRef = 227CF27A1ED957E100339CED /* AExame.txt */; };
		227CF2BC1ED957E100339CED /* AMedicamento.txt in Resources */ = {isa = PBXBuildFile; fileRef = 227CF27B1ED957E100339CED /* AMedicamento.txt */; };
		227CF2BD1ED957E100339CED /* AProcedimento.txt in Resources */ = {isa = PBXBuildFile; fileRef = 227CF27C1ED957E100339CED /* AProcedimento.txt */; };
		227CF2BE1ED957E100339CED /* BExame.txt in Resources */ = {isa = PBXBuildFile; fileRef = 227CF27D1ED957E100339CED /* BExame.txt */; };
		227CF2BF1ED957E100339CED /* BMedicamento.txt in Resources */ = {isa = PBXBuildFile; fileRef = 227CF27E1ED957E100339CED /* BMedicamento.txt */; };
		227CF2C01ED957E100339CED /* BProcedimento.txt in Resources */ = {isa = PBXBuildFile; fileRef = 227CF27F1ED957E100339CED /* BProcedimento.txt */; };
		227CF2C11ED957E100339CED /* CExame.txt in Resources */ = {isa = PBXBuildFile; fileRef = 227CF2801ED957E100339CED /* CExame.txt */; };
		227CF2C21ED957E100339CED /* CMedicamento.txt in Resources */ = {isa = PBXBuildFile; fileRef = 227CF2811ED957E100339CED /* CMedicamento.txt */; };
		227CF2C31ED957E100339CED /* CProcedimento.txt in Resources */ = {isa = PBXBuildFile; fileRef = 227CF2821ED957E100339CED /* CProcedimento.txt */; };
		227CF2C41ED957E100339CED /* DExame.txt in Resources */ = {isa = PBXBuildFile; fileRef = 227CF2831ED957E100339CED /* DExame.txt */; };
		227CF2C51ED957E100339CED /* DMedicamento.txt in Resources */ = {isa = PBXBuildFile; fileRef = 227CF2841ED957E100339CED /* DMedicamento.txt */; };
		227CF2C61ED957E100339CED /* DProcedimento.txt in Resources */ = {isa = PBXBuildFile; fileRef = 227CF2851ED957E100339CED /* DProcedimento.txt */; };
		227CF2C71ED957E100339CED /* EExame.txt in Resources */ = {isa = PBXBuildFile; fileRef = 227CF2861ED957E100339CED /* EExame.txt */; };
		227CF2C81ED957E100339CED /* EMedicamento.txt in Resources */ = {isa = PBXBuildFile; fileRef = 227CF2871ED957E100339CED /* EMedicamento.txt */; };
		227CF2C91ED957E100339CED /* EProcedimento.txt in Resources */ = {isa = PBXBuildFile; fileRef = 227CF2881ED957E100339CED /* EProcedimento.txt */; };
		227CF2CA1ED957E100339CED /* FExame.txt in Resources */ = {isa = PBXBuildFile; fileRef = 227CF2891ED957E100339CED /* FExame.txt */; };
		227CF2CB1ED957E100339CED /* FMedicamento.txt in Resources */ = {isa = PBXBuildFile; fileRef = 227CF28A1ED957E100339CED /* FMedicamento.txt */; };
		227CF2CC1ED957E100339CED /* FProcedimento.txt in Resources */ = {isa = PBXBuildFile; fileRef = 227CF28B1ED957E100339CED /* FProcedimento.txt */; };
		227CF2CD1ED957E100339CED /* GExame.txt in Resources */ = {isa = PBXBuildFile; fileRef = 227CF28C1ED957E100339CED /* GExame.txt */; };
		227CF2CE1ED957E100339CED /* GMedicamento.txt in Resources */ = {isa = PBXBuildFile; fileRef = 227CF28D1ED957E100339CED /* GMedicamento.txt */; };
		227CF2CF1ED957E100339CED /* HExame.txt in Resources */ = {isa = PBXBuildFile; fileRef = 227CF28E1ED957E100339CED /* HExame.txt */; };
		227CF2D01ED957E100339CED /* HMedicamento.txt in Resources */ = {isa = PBXBuildFile; fileRef = 227CF28F1ED957E100339CED /* HMedicamento.txt */; };
		227CF2D11ED957E100339CED /* IExame.txt in Resources */ = {isa = PBXBuildFile; fileRef = 227CF2901ED957E100339CED /* IExame.txt */; };
		227CF2D21ED957E100339CED /* IMedicamento.txt in Resources */ = {isa = PBXBuildFile; fileRef = 227CF2911ED957E100339CED /* IMedicamento.txt */; };
		227CF2D61ED957E100339CED /* JExame.txt in Resources */ = {isa = PBXBuildFile; fileRef = 227CF2951ED957E100339CED /* JExame.txt */; };
		227CF2D71ED957E100339CED /* KExame.txt in Resources */ = {isa = PBXBuildFile; fileRef = 227CF2961ED957E100339CED /* KExame.txt */; };
		227CF2D81ED957E100339CED /* KMedicamento.txt in Resources */ = {isa = PBXBuildFile; fileRef = 227CF2971ED957E100339CED /* KMedicamento.txt */; };
		227CF2D91ED957E100339CED /* LExame.txt in Resources */ = {isa = PBXBuildFile; fileRef = 227CF2981ED957E100339CED /* LExame.txt */; };
		227CF2DA1ED957E100339CED /* LMedicamento.txt in Resources */ = {isa = PBXBuildFile; fileRef = 227CF2991ED957E100339CED /* LMedicamento.txt */; };
		227CF2DB1ED957E100339CED /* logM.txt in Resources */ = {isa = PBXBuildFile; fileRef = 227CF29A1ED957E100339CED /* logM.txt */; };
		227CF2DC1ED957E100339CED /* LProcedimento.txt in Resources */ = {isa = PBXBuildFile; fileRef = 227CF29B1ED957E100339CED /* LProcedimento.txt */; };
		227CF2DD1ED957E100339CED /* MExame.txt in Resources */ = {isa = PBXBuildFile; fileRef = 227CF29C1ED957E100339CED /* MExame.txt */; };
		227CF2DE1ED957E100339CED /* MMedicamento.txt in Resources */ = {isa = PBXBuildFile; fileRef = 227CF29D1ED957E100339CED /* MMedicamento.txt */; };
		227CF2DF1ED957E100339CED /* MProcedimento.txt in Resources */ = {isa = PBXBuildFile; fileRef = 227CF29E1ED957E100339CED /* MProcedimento.txt */; };
		227CF2E01ED957E100339CED /* NExame.txt in Resources */ = {isa = PBXBuildFile; fileRef = 227CF29F1ED957E100339CED /* NExame.txt */; };
		227CF2E11ED957E100339CED /* NMedicamento.txt in Resources */ = {isa = PBXBuildFile; fileRef = 227CF2A01ED957E100339CED /* NMedicamento.txt */; };
		227CF2E21ED957E100339CED /* OExame.txt in Resources */ = {isa = PBXBuildFile; fileRef = 227CF2A11ED957E100339CED /* OExame.txt */; };
		227CF2E31ED957E100339CED /* OMedicamento.txt in Resources */ = {isa = PBXBuildFile; fileRef = 227CF2A21ED957E100339CED /* OMedicamento.txt */; };
		227CF2E41ED957E100339CED /* OProcedimento.txt in Resources */ = {isa = PBXBuildFile; fileRef = 227CF2A31ED957E100339CED /* OProcedimento.txt */; };
		227CF2E51ED957E100339CED /* PExame.txt in Resources */ = {isa = PBXBuildFile; fileRef = 227CF2A41ED957E100339CED /* PExame.txt */; };
		227CF2E61ED957E100339CED /* PMedicamento.txt in Resources */ = {isa = PBXBuildFile; fileRef = 227CF2A51ED957E100339CED /* PMedicamento.txt */; };
		227CF2E71ED957E100339CED /* PProcedimento.txt in Resources */ = {isa = PBXBuildFile; fileRef = 227CF2A61ED957E100339CED /* PProcedimento.txt */; };
		227CF2E81ED957E100339CED /* QExame.txt in Resources */ = {isa = PBXBuildFile; fileRef = 227CF2A71ED957E100339CED /* QExame.txt */; };
		227CF2E91ED957E100339CED /* QMedicamento.txt in Resources */ = {isa = PBXBuildFile; fileRef = 227CF2A81ED957E100339CED /* QMedicamento.txt */; };
		227CF2EA1ED957E100339CED /* RExame.txt in Resources */ = {isa = PBXBuildFile; fileRef = 227CF2A91ED957E100339CED /* RExame.txt */; };
		227CF2EB1ED957E100339CED /* RMedicamento.txt in Resources */ = {isa = PBXBuildFile; fileRef = 227CF2AA1ED957E100339CED /* RMedicamento.txt */; };
		227CF2EC1ED957E100339CED /* RProcedimento.txt in Resources */ = {isa = PBXBuildFile; fileRef = 227CF2AB1ED957E100339CED /* RProcedimento.txt */; };
		227CF2ED1ED957E100339CED /* SExame.txt in Resources */ = {isa = PBXBuildFile; fileRef = 227CF2AC1ED957E100339CED /* SExame.txt */; };
		227CF2EE1ED957E100339CED /* SMedicamento.txt in Resources */ = {isa = PBXBuildFile; fileRef = 227CF2AD1ED957E100339CED /* SMedicamento.txt */; };
		227CF2EF1ED957E100339CED /* TExame.txt in Resources */ = {isa = PBXBuildFile; fileRef = 227CF2AE1ED957E100339CED /* TExame.txt */; };
		227CF2F01ED957E100339CED /* TMedicamento.txt in Resources */ = {isa = PBXBuildFile; fileRef = 227CF2AF1ED957E100339CED /* TMedicamento.txt */; };
		227CF2F11ED957E100339CED /* TProcedimento.txt in Resources */ = {isa = PBXBuildFile; fileRef = 227CF2B01ED957E100339CED /* TProcedimento.txt */; };
		227CF2F21ED957E100339CED /* UExame.txt in Resources */ = {isa = PBXBuildFile; fileRef = 227CF2B11ED957E100339CED /* UExame.txt */; };
		227CF2F31ED957E100339CED /* UMedicamento.txt in Resources */ = {isa = PBXBuildFile; fileRef = 227CF2B21ED957E100339CED /* UMedicamento.txt */; };
		227CF2F41ED957E100339CED /* UProcedimento.txt in Resources */ = {isa = PBXBuildFile; fileRef = 227CF2B31ED957E100339CED /* UProcedimento.txt */; };
		227CF2F51ED957E100339CED /* VExame.txt in Resources */ = {isa = PBXBuildFile; fileRef = 227CF2B41ED957E100339CED /* VExame.txt */; };
		227CF2F61ED957E100339CED /* VMedicamento.txt in Resources */ = {isa = PBXBuildFile; fileRef = 227CF2B51ED957E100339CED /* VMedicamento.txt */; };
		227CF2F71ED957E100339CED /* VProcedimento.txt in Resources */ = {isa = PBXBuildFile; fileRef = 227CF2B61ED957E100339CED /* VProcedimento.txt */; };
		227CF2F81ED957E100339CED /* XExame.txt in Resources */ = {isa = PBXBuildFile; fileRef = 227CF2B71ED957E100339CED /* XExame.txt */; };
		227CF2F91ED957E100339CED /* XMedicamento.txt in Resources */ = {isa = PBXBuildFile; fileRef = 227CF2B81ED957E100339CED /* XMedicamento.txt */; };
		227CF2FA1ED957E100339CED /* ZExame.txt in Resources */ = {isa = PBXBuildFile; fileRef = 227CF2B91ED957E100339CED /* ZExame.txt */; };
		227CF2FB1ED957E100339CED /* ZMedicamento.txt in Resources */ = {isa = PBXBuildFile; fileRef = 227CF2BA1ED957E100339CED /* ZMedicamento.txt */; };
		227CF2FD1ED962E400339CED /* UIView+Helpers.swift in Sources */ = {isa = PBXBuildFile; fileRef = 227CF2FC1ED962E400339CED /* UIView+Helpers.swift */; };
		2286B18D1ED7BD58002EFD21 /* ViewController+Helpers.swift in Sources */ = {isa = PBXBuildFile; fileRef = 2286B18C1ED7BD58002EFD21 /* ViewController+Helpers.swift */; };
		2286B18F1ED7BF14002EFD21 /* BackgroundScreenVC.swift in Sources */ = {isa = PBXBuildFile; fileRef = 2286B18E1ED7BF14002EFD21 /* BackgroundScreenVC.swift */; };
		22896A6E1EE39CE8007DBD4F /* ACanis familiaris.txt in Resources */ = {isa = PBXBuildFile; fileRef = 22896A5B1EE39CE8007DBD4F /* ACanis familiaris.txt */; };
		22896A6F1EE39CE8007DBD4F /* BCanis familiaris.txt in Resources */ = {isa = PBXBuildFile; fileRef = 22896A5C1EE39CE8007DBD4F /* BCanis familiaris.txt */; };
		22896A701EE39CE8007DBD4F /* DCanis familiaris.txt in Resources */ = {isa = PBXBuildFile; fileRef = 22896A5D1EE39CE8007DBD4F /* DCanis familiaris.txt */; };
		22896A711EE39CE8007DBD4F /* FCanis familiaris.txt in Resources */ = {isa = PBXBuildFile; fileRef = 22896A5E1EE39CE8007DBD4F /* FCanis familiaris.txt */; };
		22896A721EE39CE8007DBD4F /* GCanis familiaris.txt in Resources */ = {isa = PBXBuildFile; fileRef = 22896A5F1EE39CE8007DBD4F /* GCanis familiaris.txt */; };
		22896A731EE39CE8007DBD4F /* HCanis familiaris.txt in Resources */ = {isa = PBXBuildFile; fileRef = 22896A601EE39CE8007DBD4F /* HCanis familiaris.txt */; };
		22896A741EE39CE8007DBD4F /* JCanis familiaris.txt in Resources */ = {isa = PBXBuildFile; fileRef = 22896A611EE39CE8007DBD4F /* JCanis familiaris.txt */; };
		22896A751EE39CE8007DBD4F /* KCanis familiaris.txt in Resources */ = {isa = PBXBuildFile; fileRef = 22896A621EE39CE8007DBD4F /* KCanis familiaris.txt */; };
		22896A761EE39CE8007DBD4F /* LCanis familiaris.txt in Resources */ = {isa = PBXBuildFile; fileRef = 22896A631EE39CE8007DBD4F /* LCanis familiaris.txt */; };
		22896A771EE39CE8007DBD4F /* MCanis familiaris.txt in Resources */ = {isa = PBXBuildFile; fileRef = 22896A641EE39CE8007DBD4F /* MCanis familiaris.txt */; };
		22896A781EE39CE8007DBD4F /* NCanis familiaris.txt in Resources */ = {isa = PBXBuildFile; fileRef = 22896A651EE39CE8007DBD4F /* NCanis familiaris.txt */; };
		22896A791EE39CE8007DBD4F /* OCanis familiaris.txt in Resources */ = {isa = PBXBuildFile; fileRef = 22896A661EE39CE8007DBD4F /* OCanis familiaris.txt */; };
		22896A7A1EE39CE8007DBD4F /* PCanis familiaris.txt in Resources */ = {isa = PBXBuildFile; fileRef = 22896A671EE39CE8007DBD4F /* PCanis familiaris.txt */; };
		22896A7B1EE39CE8007DBD4F /* RCanis familiaris.txt in Resources */ = {isa = PBXBuildFile; fileRef = 22896A681EE39CE8007DBD4F /* RCanis familiaris.txt */; };
		22896A7C1EE39CE8007DBD4F /* SCanis familiaris.txt in Resources */ = {isa = PBXBuildFile; fileRef = 22896A691EE39CE8007DBD4F /* SCanis familiaris.txt */; };
		22896A7D1EE39CE8007DBD4F /* TCanis familiaris.txt in Resources */ = {isa = PBXBuildFile; fileRef = 22896A6A1EE39CE8007DBD4F /* TCanis familiaris.txt */; };
		22896A7E1EE39CE8007DBD4F /* VCanis familiaris.txt in Resources */ = {isa = PBXBuildFile; fileRef = 22896A6B1EE39CE8007DBD4F /* VCanis familiaris.txt */; };
		22896A7F1EE39CE8007DBD4F /* WCanis familiaris.txt in Resources */ = {isa = PBXBuildFile; fileRef = 22896A6C1EE39CE8007DBD4F /* WCanis familiaris.txt */; };
		22896A801EE39CE8007DBD4F /* YCanis familiaris.txt in Resources */ = {isa = PBXBuildFile; fileRef = 22896A6D1EE39CE8007DBD4F /* YCanis familiaris.txt */; };
		22896A921EE39D73007DBD4F /* AFelis catus.txt in Resources */ = {isa = PBXBuildFile; fileRef = 22896A811EE39D73007DBD4F /* AFelis catus.txt */; };
		22896A931EE39D73007DBD4F /* BFelis catus.txt in Resources */ = {isa = PBXBuildFile; fileRef = 22896A821EE39D73007DBD4F /* BFelis catus.txt */; };
		22896A941EE39D73007DBD4F /* CFelis catus.txt in Resources */ = {isa = PBXBuildFile; fileRef = 22896A831EE39D73007DBD4F /* CFelis catus.txt */; };
		22896A951EE39D73007DBD4F /* DFelis catus.txt in Resources */ = {isa = PBXBuildFile; fileRef = 22896A841EE39D73007DBD4F /* DFelis catus.txt */; };
		22896A961EE39D73007DBD4F /* HFelis catus.txt in Resources */ = {isa = PBXBuildFile; fileRef = 22896A851EE39D73007DBD4F /* HFelis catus.txt */; };
		22896A971EE39D73007DBD4F /* JFelis catus.txt in Resources */ = {isa = PBXBuildFile; fileRef = 22896A861EE39D73007DBD4F /* JFelis catus.txt */; };
		22896A981EE39D73007DBD4F /* KFelis catus.txt in Resources */ = {isa = PBXBuildFile; fileRef = 22896A871EE39D73007DBD4F /* KFelis catus.txt */; };
		22896A991EE39D73007DBD4F /* LFelis catus.txt in Resources */ = {isa = PBXBuildFile; fileRef = 22896A881EE39D73007DBD4F /* LFelis catus.txt */; };
		22896A9A1EE39D73007DBD4F /* MFelis catus.txt in Resources */ = {isa = PBXBuildFile; fileRef = 22896A891EE39D73007DBD4F /* MFelis catus.txt */; };
		22896A9B1EE39D73007DBD4F /* NFelis catus.txt in Resources */ = {isa = PBXBuildFile; fileRef = 22896A8A1EE39D73007DBD4F /* NFelis catus.txt */; };
		22896A9C1EE39D73007DBD4F /* OFelis catus.txt in Resources */ = {isa = PBXBuildFile; fileRef = 22896A8B1EE39D73007DBD4F /* OFelis catus.txt */; };
		22896A9D1EE39D73007DBD4F /* PFelis catus.txt in Resources */ = {isa = PBXBuildFile; fileRef = 22896A8C1EE39D73007DBD4F /* PFelis catus.txt */; };
		22896A9E1EE39D73007DBD4F /* RFelis catus.txt in Resources */ = {isa = PBXBuildFile; fileRef = 22896A8D1EE39D73007DBD4F /* RFelis catus.txt */; };
		22896A9F1EE39D73007DBD4F /* SFelis catus.txt in Resources */ = {isa = PBXBuildFile; fileRef = 22896A8E1EE39D73007DBD4F /* SFelis catus.txt */; };
		22896AA01EE39D73007DBD4F /* TFelis catus.txt in Resources */ = {isa = PBXBuildFile; fileRef = 22896A8F1EE39D73007DBD4F /* TFelis catus.txt */; };
		22896AA11EE39D73007DBD4F /* UFelis catus.txt in Resources */ = {isa = PBXBuildFile; fileRef = 22896A901EE39D73007DBD4F /* UFelis catus.txt */; };
		22896AA21EE39D73007DBD4F /* VFelis catus.txt in Resources */ = {isa = PBXBuildFile; fileRef = 22896A911EE39D73007DBD4F /* VFelis catus.txt */; };
		22896AA41EE3D0C2007DBD4F /* AutoCompleteDataSource.swift in Sources */ = {isa = PBXBuildFile; fileRef = 22896AA31EE3D0C2007DBD4F /* AutoCompleteDataSource.swift */; };
		228B0B4D1ED9A363006A84D6 /* ListaBaseVC.swift in Sources */ = {isa = PBXBuildFile; fileRef = 228B0B4C1ED9A363006A84D6 /* ListaBaseVC.swift */; };
		229145E51ED6900E00D63FD4 /* MainTabBarControllerProtocol.swift in Sources */ = {isa = PBXBuildFile; fileRef = 229145E41ED6900E00D63FD4 /* MainTabBarControllerProtocol.swift */; };
		22A444F31EDB027D00493B4D /* NSObject+Helpers.swift in Sources */ = {isa = PBXBuildFile; fileRef = 22A444F21EDB027D00493B4D /* NSObject+Helpers.swift */; };
		22A444F51EDB073000493B4D /* CoreDataManager.swift in Sources */ = {isa = PBXBuildFile; fileRef = 22A444F41EDB073000493B4D /* CoreDataManager.swift */; };
		22AD5C591EEBC59C0055ACAD /* GerenciadorDeTarefasProtocol.swift in Sources */ = {isa = PBXBuildFile; fileRef = 22AD5C581EEBC59C0055ACAD /* GerenciadorDeTarefasProtocol.swift */; };
		22B75DD41EE25688009E81E5 /* TableModelListProtocol.swift in Sources */ = {isa = PBXBuildFile; fileRef = 22B75DD31EE25688009E81E5 /* TableModelListProtocol.swift */; };
		22B75DD61EE25728009E81E5 /* ListaDeModelosVC.swift in Sources */ = {isa = PBXBuildFile; fileRef = 22B75DD51EE25728009E81E5 /* ListaDeModelosVC.swift */; };
		22E1FED31EED915500460522 /* alarme.caf in Resources */ = {isa = PBXBuildFile; fileRef = 22E1FED21EED915500460522 /* alarme.caf */; };
		22FDD8F01EE4B43300CFAD77 /* UIColor+Helpers.swift in Sources */ = {isa = PBXBuildFile; fileRef = 22FDD8EF1EE4B43300CFAD77 /* UIColor+Helpers.swift */; };
		22FDD8F21EE4E7A100CFAD77 /* UITextField+Helpers.swift in Sources */ = {isa = PBXBuildFile; fileRef = 22FDD8F11EE4E7A100CFAD77 /* UITextField+Helpers.swift */; };
		90588A6E77ED2E1DD6D4BDD0 /* Pods_InternaVET.framework in Frameworks */ = {isa = PBXBuildFile; fileRef = 5DC1D7F269BD3E82440F5C49 /* Pods_InternaVET.framework */; };
/* End PBXBuildFile section */

/* Begin PBXFileReference section */
		2245C6601EDB82F8006CDFFF /* ExpandCollapseTableDataSource.swift */ = {isa = PBXFileReference; fileEncoding = 4; lastKnownFileType = sourcecode.swift; path = ExpandCollapseTableDataSource.swift; sourceTree = "<group>"; };
		2245C6621EDBAC09006CDFFF /* GerenciamentoDePickerViews.swift */ = {isa = PBXFileReference; fileEncoding = 4; lastKnownFileType = sourcecode.swift; path = GerenciamentoDePickerViews.swift; sourceTree = "<group>"; };
		2245C6641EDBB012006CDFFF /* String+Helpers.swift */ = {isa = PBXFileReference; fileEncoding = 4; lastKnownFileType = sourcecode.swift; path = "String+Helpers.swift"; sourceTree = "<group>"; };
		2245C6671EDBB741006CDFFF /* canil.json */ = {isa = PBXFileReference; fileEncoding = 4; lastKnownFileType = text.json; path = canil.json; sourceTree = "<group>"; };
		224B67AC1E565E6700CC98D1 /* InternaVET.app */ = {isa = PBXFileReference; explicitFileType = wrapper.application; includeInIndex = 0; path = InternaVET.app; sourceTree = BUILT_PRODUCTS_DIR; };
		224B67AF1E565E6700CC98D1 /* AppDelegate.swift */ = {isa = PBXFileReference; lastKnownFileType = sourcecode.swift; path = AppDelegate.swift; sourceTree = "<group>"; };
		224B67B41E565E6800CC98D1 /* Base */ = {isa = PBXFileReference; lastKnownFileType = file.storyboard; name = Base; path = Base.lproj/Main.storyboard; sourceTree = "<group>"; };
		224B67B61E565E6800CC98D1 /* Assets.xcassets */ = {isa = PBXFileReference; lastKnownFileType = folder.assetcatalog; name = Assets.xcassets; path = ../Assets.xcassets; sourceTree = "<group>"; };
		224B67B91E565E6800CC98D1 /* Base */ = {isa = PBXFileReference; lastKnownFileType = file.storyboard; name = Base; path = Base.lproj/LaunchScreen.storyboard; sourceTree = "<group>"; };
		224B67BB1E565E6800CC98D1 /* Info.plist */ = {isa = PBXFileReference; lastKnownFileType = text.plist.xml; name = Info.plist; path = ../Info.plist; sourceTree = "<group>"; };
		224B67C31E565F4800CC98D1 /* ListaTarefasVC.swift */ = {isa = PBXFileReference; fileEncoding = 4; lastKnownFileType = sourcecode.swift; path = ListaTarefasVC.swift; sourceTree = "<group>"; };
		224B67C81E56633E00CC98D1 /* TarefaMainCell.swift */ = {isa = PBXFileReference; fileEncoding = 4; lastKnownFileType = sourcecode.swift; path = TarefaMainCell.swift; sourceTree = "<group>"; };
		224B67CA1E56685200CC98D1 /* MainTabBarVC.swift */ = {isa = PBXFileReference; fileEncoding = 4; lastKnownFileType = sourcecode.swift; path = MainTabBarVC.swift; sourceTree = "<group>"; };
		224B67CC1E56688F00CC98D1 /* ListaPacientesVC.swift */ = {isa = PBXFileReference; fileEncoding = 4; lastKnownFileType = sourcecode.swift; path = ListaPacientesVC.swift; sourceTree = "<group>"; };
		224B67CE1E5668A900CC98D1 /* ListaProprietariosVC.swift */ = {isa = PBXFileReference; fileEncoding = 4; lastKnownFileType = sourcecode.swift; path = ListaProprietariosVC.swift; sourceTree = "<group>"; };
		224B67D31E566FE600CC98D1 /* QuartzCore.framework */ = {isa = PBXFileReference; lastKnownFileType = wrapper.framework; name = QuartzCore.framework; path = System/Library/Frameworks/QuartzCore.framework; sourceTree = SDKROOT; };
		224CE9581ED9157900164555 /* CadastroControllerProtocol.swift */ = {isa = PBXFileReference; fileEncoding = 4; lastKnownFileType = sourcecode.swift; path = CadastroControllerProtocol.swift; sourceTree = "<group>"; };
		225197A11EDA22EF0087AA48 /* InternaVET.xcdatamodel */ = {isa = PBXFileReference; lastKnownFileType = wrapper.xcdatamodel; path = InternaVET.xcdatamodel; sourceTree = "<group>"; };
		225197EA1EDA47F50087AA48 /* AnimalDAO.swift */ = {isa = PBXFileReference; fileEncoding = 4; lastKnownFileType = sourcecode.swift; path = AnimalDAO.swift; sourceTree = "<group>"; };
		225197EC1EDA481F0087AA48 /* CanilDAO.swift */ = {isa = PBXFileReference; fileEncoding = 4; lastKnownFileType = sourcecode.swift; path = CanilDAO.swift; sourceTree = "<group>"; };
		225197EE1EDA482A0087AA48 /* ProprietarioDAO.swift */ = {isa = PBXFileReference; fileEncoding = 4; lastKnownFileType = sourcecode.swift; path = ProprietarioDAO.swift; sourceTree = "<group>"; };
		225197F01EDA48320087AA48 /* TarefaDAO.swift */ = {isa = PBXFileReference; fileEncoding = 4; lastKnownFileType = sourcecode.swift; path = TarefaDAO.swift; sourceTree = "<group>"; };
		225197F21EDA4A1A0087AA48 /* Proprietario+CoreDataClass.swift */ = {isa = PBXFileReference; fileEncoding = 4; lastKnownFileType = sourcecode.swift; path = "Proprietario+CoreDataClass.swift"; sourceTree = "<group>"; };
		225197F31EDA4A1A0087AA48 /* Proprietario+CoreDataProperties.swift */ = {isa = PBXFileReference; fileEncoding = 4; lastKnownFileType = sourcecode.swift; path = "Proprietario+CoreDataProperties.swift"; sourceTree = "<group>"; };
		225197F41EDA4A1A0087AA48 /* Tarefa+CoreDataClass.swift */ = {isa = PBXFileReference; fileEncoding = 4; lastKnownFileType = sourcecode.swift; path = "Tarefa+CoreDataClass.swift"; sourceTree = "<group>"; };
		225197F51EDA4A1A0087AA48 /* Tarefa+CoreDataProperties.swift */ = {isa = PBXFileReference; fileEncoding = 4; lastKnownFileType = sourcecode.swift; path = "Tarefa+CoreDataProperties.swift"; sourceTree = "<group>"; };
		225197F61EDA4A1A0087AA48 /* Animal+CoreDataClass.swift */ = {isa = PBXFileReference; fileEncoding = 4; lastKnownFileType = sourcecode.swift; path = "Animal+CoreDataClass.swift"; sourceTree = "<group>"; };
		225197F71EDA4A1A0087AA48 /* Animal+CoreDataProperties.swift */ = {isa = PBXFileReference; fileEncoding = 4; lastKnownFileType = sourcecode.swift; path = "Animal+CoreDataProperties.swift"; sourceTree = "<group>"; };
		225197FE1EDA5E590087AA48 /* GerenciamentoDeTarefas.swift */ = {isa = PBXFileReference; fileEncoding = 4; lastKnownFileType = sourcecode.swift; path = GerenciamentoDeTarefas.swift; sourceTree = "<group>"; };
		225198001EDA610D0087AA48 /* NSDate+Helpers.swift */ = {isa = PBXFileReference; fileEncoding = 4; lastKnownFileType = sourcecode.swift; path = "NSDate+Helpers.swift"; sourceTree = "<group>"; };
		2260D1481E590FC200A899E1 /* PacienteMainCell.swift */ = {isa = PBXFileReference; fileEncoding = 4; lastKnownFileType = sourcecode.swift; path = PacienteMainCell.swift; sourceTree = "<group>"; };
		2260D14A1E590FDA00A899E1 /* TarefaBodyCell.swift */ = {isa = PBXFileReference; fileEncoding = 4; lastKnownFileType = sourcecode.swift; path = TarefaBodyCell.swift; sourceTree = "<group>"; };
		2260D14C1E590FEC00A899E1 /* PacienteBodyCell.swift */ = {isa = PBXFileReference; fileEncoding = 4; lastKnownFileType = sourcecode.swift; path = PacienteBodyCell.swift; sourceTree = "<group>"; };
		2266E3411E58DDBF00817904 /* CGRect+Helpers.swift */ = {isa = PBXFileReference; fileEncoding = 4; lastKnownFileType = sourcecode.swift; path = "CGRect+Helpers.swift"; sourceTree = "<group>"; };
		226D9D8C1EDEEB0E00841049 /* GerenciamentoDeTextFields.swift */ = {isa = PBXFileReference; fileEncoding = 4; lastKnownFileType = sourcecode.swift; path = GerenciamentoDeTextFields.swift; sourceTree = "<group>"; };
		226DB1061EDED0C5003DB60D /* UISegment+Helpers.swift */ = {isa = PBXFileReference; fileEncoding = 4; lastKnownFileType = sourcecode.swift; path = "UISegment+Helpers.swift"; sourceTree = "<group>"; };
		226DB1081EDED157003DB60D /* UIPicker+Helpers.swift */ = {isa = PBXFileReference; fileEncoding = 4; lastKnownFileType = sourcecode.swift; path = "UIPicker+Helpers.swift"; sourceTree = "<group>"; };
		22718CE81EE3115D004A07A1 /* ProprietarioMainCell.swift */ = {isa = PBXFileReference; fileEncoding = 4; lastKnownFileType = sourcecode.swift; path = ProprietarioMainCell.swift; sourceTree = "<group>"; };
		22718CEA1EE31192004A07A1 /* ProprietarioBodyCell.swift */ = {isa = PBXFileReference; fileEncoding = 4; lastKnownFileType = sourcecode.swift; path = ProprietarioBodyCell.swift; sourceTree = "<group>"; };
		2271E7431E730C9400789FBF /* Cadastros.storyboard */ = {isa = PBXFileReference; fileEncoding = 4; lastKnownFileType = file.storyboard; path = Cadastros.storyboard; sourceTree = "<group>"; };
		2271E74A1E730DFB00789FBF /* CadastroPacienteVC.swift */ = {isa = PBXFileReference; fileEncoding = 4; lastKnownFileType = sourcecode.swift; path = CadastroPacienteVC.swift; sourceTree = "<group>"; };
		2271E74E1E730E2D00789FBF /* CadastroProprietarioVC.swift */ = {isa = PBXFileReference; fileEncoding = 4; lastKnownFileType = sourcecode.swift; path = CadastroProprietarioVC.swift; sourceTree = "<group>"; };
		2271E7501E730E4A00789FBF /* CadastroMedicacaoVC.swift */ = {isa = PBXFileReference; fileEncoding = 4; lastKnownFileType = sourcecode.swift; path = CadastroMedicacaoVC.swift; sourceTree = "<group>"; };
		2271E7531E73102800789FBF /* MenuVC.swift */ = {isa = PBXFileReference; fileEncoding = 4; lastKnownFileType = sourcecode.swift; path = MenuVC.swift; sourceTree = "<group>"; };
		227CF1F21ED951F200339CED /* CadastroBaseVC.swift */ = {isa = PBXFileReference; fileEncoding = 4; lastKnownFileType = sourcecode.swift; path = CadastroBaseVC.swift; sourceTree = "<group>"; };
		227CF27A1ED957E100339CED /* AExame.txt */ = {isa = PBXFileReference; fileEncoding = 4; lastKnownFileType = text; path = AExame.txt; sourceTree = "<group>"; };
		227CF27B1ED957E100339CED /* AMedicamento.txt */ = {isa = PBXFileReference; fileEncoding = 4; lastKnownFileType = text; path = AMedicamento.txt; sourceTree = "<group>"; };
		227CF27C1ED957E100339CED /* AProcedimento.txt */ = {isa = PBXFileReference; fileEncoding = 4; lastKnownFileType = text; path = AProcedimento.txt; sourceTree = "<group>"; };
		227CF27D1ED957E100339CED /* BExame.txt */ = {isa = PBXFileReference; fileEncoding = 4; lastKnownFileType = text; path = BExame.txt; sourceTree = "<group>"; };
		227CF27E1ED957E100339CED /* BMedicamento.txt */ = {isa = PBXFileReference; fileEncoding = 4; lastKnownFileType = text; path = BMedicamento.txt; sourceTree = "<group>"; };
		227CF27F1ED957E100339CED /* BProcedimento.txt */ = {isa = PBXFileReference; fileEncoding = 4; lastKnownFileType = text; path = BProcedimento.txt; sourceTree = "<group>"; };
		227CF2801ED957E100339CED /* CExame.txt */ = {isa = PBXFileReference; fileEncoding = 4; lastKnownFileType = text; path = CExame.txt; sourceTree = "<group>"; };
		227CF2811ED957E100339CED /* CMedicamento.txt */ = {isa = PBXFileReference; fileEncoding = 4; lastKnownFileType = text; path = CMedicamento.txt; sourceTree = "<group>"; };
		227CF2821ED957E100339CED /* CProcedimento.txt */ = {isa = PBXFileReference; fileEncoding = 4; lastKnownFileType = text; path = CProcedimento.txt; sourceTree = "<group>"; };
		227CF2831ED957E100339CED /* DExame.txt */ = {isa = PBXFileReference; fileEncoding = 4; lastKnownFileType = text; path = DExame.txt; sourceTree = "<group>"; };
		227CF2841ED957E100339CED /* DMedicamento.txt */ = {isa = PBXFileReference; fileEncoding = 4; lastKnownFileType = text; path = DMedicamento.txt; sourceTree = "<group>"; };
		227CF2851ED957E100339CED /* DProcedimento.txt */ = {isa = PBXFileReference; fileEncoding = 4; lastKnownFileType = text; path = DProcedimento.txt; sourceTree = "<group>"; };
		227CF2861ED957E100339CED /* EExame.txt */ = {isa = PBXFileReference; fileEncoding = 4; lastKnownFileType = text; path = EExame.txt; sourceTree = "<group>"; };
		227CF2871ED957E100339CED /* EMedicamento.txt */ = {isa = PBXFileReference; fileEncoding = 4; lastKnownFileType = text; path = EMedicamento.txt; sourceTree = "<group>"; };
		227CF2881ED957E100339CED /* EProcedimento.txt */ = {isa = PBXFileReference; fileEncoding = 4; lastKnownFileType = text; path = EProcedimento.txt; sourceTree = "<group>"; };
		227CF2891ED957E100339CED /* FExame.txt */ = {isa = PBXFileReference; fileEncoding = 4; lastKnownFileType = text; path = FExame.txt; sourceTree = "<group>"; };
		227CF28A1ED957E100339CED /* FMedicamento.txt */ = {isa = PBXFileReference; fileEncoding = 4; lastKnownFileType = text; path = FMedicamento.txt; sourceTree = "<group>"; };
		227CF28B1ED957E100339CED /* FProcedimento.txt */ = {isa = PBXFileReference; fileEncoding = 4; lastKnownFileType = text; path = FProcedimento.txt; sourceTree = "<group>"; };
		227CF28C1ED957E100339CED /* GExame.txt */ = {isa = PBXFileReference; fileEncoding = 4; lastKnownFileType = text; path = GExame.txt; sourceTree = "<group>"; };
		227CF28D1ED957E100339CED /* GMedicamento.txt */ = {isa = PBXFileReference; fileEncoding = 4; lastKnownFileType = text; path = GMedicamento.txt; sourceTree = "<group>"; };
		227CF28E1ED957E100339CED /* HExame.txt */ = {isa = PBXFileReference; fileEncoding = 4; lastKnownFileType = text; path = HExame.txt; sourceTree = "<group>"; };
		227CF28F1ED957E100339CED /* HMedicamento.txt */ = {isa = PBXFileReference; fileEncoding = 4; lastKnownFileType = text; path = HMedicamento.txt; sourceTree = "<group>"; };
		227CF2901ED957E100339CED /* IExame.txt */ = {isa = PBXFileReference; fileEncoding = 4; lastKnownFileType = text; path = IExame.txt; sourceTree = "<group>"; };
		227CF2911ED957E100339CED /* IMedicamento.txt */ = {isa = PBXFileReference; fileEncoding = 4; lastKnownFileType = text; path = IMedicamento.txt; sourceTree = "<group>"; };
		227CF2951ED957E100339CED /* JExame.txt */ = {isa = PBXFileReference; fileEncoding = 4; lastKnownFileType = text; path = JExame.txt; sourceTree = "<group>"; };
		227CF2961ED957E100339CED /* KExame.txt */ = {isa = PBXFileReference; fileEncoding = 4; lastKnownFileType = text; path = KExame.txt; sourceTree = "<group>"; };
		227CF2971ED957E100339CED /* KMedicamento.txt */ = {isa = PBXFileReference; fileEncoding = 4; lastKnownFileType = text; path = KMedicamento.txt; sourceTree = "<group>"; };
		227CF2981ED957E100339CED /* LExame.txt */ = {isa = PBXFileReference; fileEncoding = 4; lastKnownFileType = text; path = LExame.txt; sourceTree = "<group>"; };
		227CF2991ED957E100339CED /* LMedicamento.txt */ = {isa = PBXFileReference; fileEncoding = 4; lastKnownFileType = text; path = LMedicamento.txt; sourceTree = "<group>"; };
		227CF29A1ED957E100339CED /* logM.txt */ = {isa = PBXFileReference; fileEncoding = 4; lastKnownFileType = text; path = logM.txt; sourceTree = "<group>"; };
		227CF29B1ED957E100339CED /* LProcedimento.txt */ = {isa = PBXFileReference; fileEncoding = 4; lastKnownFileType = text; path = LProcedimento.txt; sourceTree = "<group>"; };
		227CF29C1ED957E100339CED /* MExame.txt */ = {isa = PBXFileReference; fileEncoding = 4; lastKnownFileType = text; path = MExame.txt; sourceTree = "<group>"; };
		227CF29D1ED957E100339CED /* MMedicamento.txt */ = {isa = PBXFileReference; fileEncoding = 4; lastKnownFileType = text; path = MMedicamento.txt; sourceTree = "<group>"; };
		227CF29E1ED957E100339CED /* MProcedimento.txt */ = {isa = PBXFileReference; fileEncoding = 4; lastKnownFileType = text; path = MProcedimento.txt; sourceTree = "<group>"; };
		227CF29F1ED957E100339CED /* NExame.txt */ = {isa = PBXFileReference; fileEncoding = 4; lastKnownFileType = text; path = NExame.txt; sourceTree = "<group>"; };
		227CF2A01ED957E100339CED /* NMedicamento.txt */ = {isa = PBXFileReference; fileEncoding = 4; lastKnownFileType = text; path = NMedicamento.txt; sourceTree = "<group>"; };
		227CF2A11ED957E100339CED /* OExame.txt */ = {isa = PBXFileReference; fileEncoding = 4; lastKnownFileType = text; path = OExame.txt; sourceTree = "<group>"; };
		227CF2A21ED957E100339CED /* OMedicamento.txt */ = {isa = PBXFileReference; fileEncoding = 4; lastKnownFileType = text; path = OMedicamento.txt; sourceTree = "<group>"; };
		227CF2A31ED957E100339CED /* OProcedimento.txt */ = {isa = PBXFileReference; fileEncoding = 4; lastKnownFileType = text; path = OProcedimento.txt; sourceTree = "<group>"; };
		227CF2A41ED957E100339CED /* PExame.txt */ = {isa = PBXFileReference; fileEncoding = 4; lastKnownFileType = text; path = PExame.txt; sourceTree = "<group>"; };
		227CF2A51ED957E100339CED /* PMedicamento.txt */ = {isa = PBXFileReference; fileEncoding = 4; lastKnownFileType = text; path = PMedicamento.txt; sourceTree = "<group>"; };
		227CF2A61ED957E100339CED /* PProcedimento.txt */ = {isa = PBXFileReference; fileEncoding = 4; lastKnownFileType = text; path = PProcedimento.txt; sourceTree = "<group>"; };
		227CF2A71ED957E100339CED /* QExame.txt */ = {isa = PBXFileReference; fileEncoding = 4; lastKnownFileType = text; path = QExame.txt; sourceTree = "<group>"; };
		227CF2A81ED957E100339CED /* QMedicamento.txt */ = {isa = PBXFileReference; fileEncoding = 4; lastKnownFileType = text; path = QMedicamento.txt; sourceTree = "<group>"; };
		227CF2A91ED957E100339CED /* RExame.txt */ = {isa = PBXFileReference; fileEncoding = 4; lastKnownFileType = text; path = RExame.txt; sourceTree = "<group>"; };
		227CF2AA1ED957E100339CED /* RMedicamento.txt */ = {isa = PBXFileReference; fileEncoding = 4; lastKnownFileType = text; path = RMedicamento.txt; sourceTree = "<group>"; };
		227CF2AB1ED957E100339CED /* RProcedimento.txt */ = {isa = PBXFileReference; fileEncoding = 4; lastKnownFileType = text; path = RProcedimento.txt; sourceTree = "<group>"; };
		227CF2AC1ED957E100339CED /* SExame.txt */ = {isa = PBXFileReference; fileEncoding = 4; lastKnownFileType = text; path = SExame.txt; sourceTree = "<group>"; };
		227CF2AD1ED957E100339CED /* SMedicamento.txt */ = {isa = PBXFileReference; fileEncoding = 4; lastKnownFileType = text; path = SMedicamento.txt; sourceTree = "<group>"; };
		227CF2AE1ED957E100339CED /* TExame.txt */ = {isa = PBXFileReference; fileEncoding = 4; lastKnownFileType = text; path = TExame.txt; sourceTree = "<group>"; };
		227CF2AF1ED957E100339CED /* TMedicamento.txt */ = {isa = PBXFileReference; fileEncoding = 4; lastKnownFileType = text; path = TMedicamento.txt; sourceTree = "<group>"; };
		227CF2B01ED957E100339CED /* TProcedimento.txt */ = {isa = PBXFileReference; fileEncoding = 4; lastKnownFileType = text; path = TProcedimento.txt; sourceTree = "<group>"; };
		227CF2B11ED957E100339CED /* UExame.txt */ = {isa = PBXFileReference; fileEncoding = 4; lastKnownFileType = text; path = UExame.txt; sourceTree = "<group>"; };
		227CF2B21ED957E100339CED /* UMedicamento.txt */ = {isa = PBXFileReference; fileEncoding = 4; lastKnownFileType = text; path = UMedicamento.txt; sourceTree = "<group>"; };
		227CF2B31ED957E100339CED /* UProcedimento.txt */ = {isa = PBXFileReference; fileEncoding = 4; lastKnownFileType = text; path = UProcedimento.txt; sourceTree = "<group>"; };
		227CF2B41ED957E100339CED /* VExame.txt */ = {isa = PBXFileReference; fileEncoding = 4; lastKnownFileType = text; path = VExame.txt; sourceTree = "<group>"; };
		227CF2B51ED957E100339CED /* VMedicamento.txt */ = {isa = PBXFileReference; fileEncoding = 4; lastKnownFileType = text; path = VMedicamento.txt; sourceTree = "<group>"; };
		227CF2B61ED957E100339CED /* VProcedimento.txt */ = {isa = PBXFileReference; fileEncoding = 4; lastKnownFileType = text; path = VProcedimento.txt; sourceTree = "<group>"; };
		227CF2B71ED957E100339CED /* XExame.txt */ = {isa = PBXFileReference; fileEncoding = 4; lastKnownFileType = text; path = XExame.txt; sourceTree = "<group>"; };
		227CF2B81ED957E100339CED /* XMedicamento.txt */ = {isa = PBXFileReference; fileEncoding = 4; lastKnownFileType = text; path = XMedicamento.txt; sourceTree = "<group>"; };
		227CF2B91ED957E100339CED /* ZExame.txt */ = {isa = PBXFileReference; fileEncoding = 4; lastKnownFileType = text; path = ZExame.txt; sourceTree = "<group>"; };
		227CF2BA1ED957E100339CED /* ZMedicamento.txt */ = {isa = PBXFileReference; fileEncoding = 4; lastKnownFileType = text; path = ZMedicamento.txt; sourceTree = "<group>"; };
		227CF2FC1ED962E400339CED /* UIView+Helpers.swift */ = {isa = PBXFileReference; fileEncoding = 4; lastKnownFileType = sourcecode.swift; path = "UIView+Helpers.swift"; sourceTree = "<group>"; };
		2286B18C1ED7BD58002EFD21 /* ViewController+Helpers.swift */ = {isa = PBXFileReference; fileEncoding = 4; lastKnownFileType = sourcecode.swift; path = "ViewController+Helpers.swift"; sourceTree = "<group>"; };
		2286B18E1ED7BF14002EFD21 /* BackgroundScreenVC.swift */ = {isa = PBXFileReference; fileEncoding = 4; lastKnownFileType = sourcecode.swift; path = BackgroundScreenVC.swift; sourceTree = "<group>"; };
		22896A5B1EE39CE8007DBD4F /* ACanis familiaris.txt */ = {isa = PBXFileReference; fileEncoding = 4; lastKnownFileType = text; path = "ACanis familiaris.txt"; sourceTree = "<group>"; };
		22896A5C1EE39CE8007DBD4F /* BCanis familiaris.txt */ = {isa = PBXFileReference; fileEncoding = 4; lastKnownFileType = text; path = "BCanis familiaris.txt"; sourceTree = "<group>"; };
		22896A5D1EE39CE8007DBD4F /* DCanis familiaris.txt */ = {isa = PBXFileReference; fileEncoding = 4; lastKnownFileType = text; path = "DCanis familiaris.txt"; sourceTree = "<group>"; };
		22896A5E1EE39CE8007DBD4F /* FCanis familiaris.txt */ = {isa = PBXFileReference; fileEncoding = 4; lastKnownFileType = text; path = "FCanis familiaris.txt"; sourceTree = "<group>"; };
		22896A5F1EE39CE8007DBD4F /* GCanis familiaris.txt */ = {isa = PBXFileReference; fileEncoding = 4; lastKnownFileType = text; path = "GCanis familiaris.txt"; sourceTree = "<group>"; };
		22896A601EE39CE8007DBD4F /* HCanis familiaris.txt */ = {isa = PBXFileReference; fileEncoding = 4; lastKnownFileType = text; path = "HCanis familiaris.txt"; sourceTree = "<group>"; };
		22896A611EE39CE8007DBD4F /* JCanis familiaris.txt */ = {isa = PBXFileReference; fileEncoding = 4; lastKnownFileType = text; path = "JCanis familiaris.txt"; sourceTree = "<group>"; };
		22896A621EE39CE8007DBD4F /* KCanis familiaris.txt */ = {isa = PBXFileReference; fileEncoding = 4; lastKnownFileType = text; path = "KCanis familiaris.txt"; sourceTree = "<group>"; };
		22896A631EE39CE8007DBD4F /* LCanis familiaris.txt */ = {isa = PBXFileReference; fileEncoding = 4; lastKnownFileType = text; path = "LCanis familiaris.txt"; sourceTree = "<group>"; };
		22896A641EE39CE8007DBD4F /* MCanis familiaris.txt */ = {isa = PBXFileReference; fileEncoding = 4; lastKnownFileType = text; path = "MCanis familiaris.txt"; sourceTree = "<group>"; };
		22896A651EE39CE8007DBD4F /* NCanis familiaris.txt */ = {isa = PBXFileReference; fileEncoding = 4; lastKnownFileType = text; path = "NCanis familiaris.txt"; sourceTree = "<group>"; };
		22896A661EE39CE8007DBD4F /* OCanis familiaris.txt */ = {isa = PBXFileReference; fileEncoding = 4; lastKnownFileType = text; path = "OCanis familiaris.txt"; sourceTree = "<group>"; };
		22896A671EE39CE8007DBD4F /* PCanis familiaris.txt */ = {isa = PBXFileReference; fileEncoding = 4; lastKnownFileType = text; path = "PCanis familiaris.txt"; sourceTree = "<group>"; };
		22896A681EE39CE8007DBD4F /* RCanis familiaris.txt */ = {isa = PBXFileReference; fileEncoding = 4; lastKnownFileType = text; path = "RCanis familiaris.txt"; sourceTree = "<group>"; };
		22896A691EE39CE8007DBD4F /* SCanis familiaris.txt */ = {isa = PBXFileReference; fileEncoding = 4; lastKnownFileType = text; path = "SCanis familiaris.txt"; sourceTree = "<group>"; };
		22896A6A1EE39CE8007DBD4F /* TCanis familiaris.txt */ = {isa = PBXFileReference; fileEncoding = 4; lastKnownFileType = text; path = "TCanis familiaris.txt"; sourceTree = "<group>"; };
		22896A6B1EE39CE8007DBD4F /* VCanis familiaris.txt */ = {isa = PBXFileReference; fileEncoding = 4; lastKnownFileType = text; path = "VCanis familiaris.txt"; sourceTree = "<group>"; };
		22896A6C1EE39CE8007DBD4F /* WCanis familiaris.txt */ = {isa = PBXFileReference; fileEncoding = 4; lastKnownFileType = text; path = "WCanis familiaris.txt"; sourceTree = "<group>"; };
		22896A6D1EE39CE8007DBD4F /* YCanis familiaris.txt */ = {isa = PBXFileReference; fileEncoding = 4; lastKnownFileType = text; path = "YCanis familiaris.txt"; sourceTree = "<group>"; };
		22896A811EE39D73007DBD4F /* AFelis catus.txt */ = {isa = PBXFileReference; fileEncoding = 4; lastKnownFileType = text; path = "AFelis catus.txt"; sourceTree = "<group>"; };
		22896A821EE39D73007DBD4F /* BFelis catus.txt */ = {isa = PBXFileReference; fileEncoding = 4; lastKnownFileType = text; path = "BFelis catus.txt"; sourceTree = "<group>"; };
		22896A831EE39D73007DBD4F /* CFelis catus.txt */ = {isa = PBXFileReference; fileEncoding = 4; lastKnownFileType = text; path = "CFelis catus.txt"; sourceTree = "<group>"; };
		22896A841EE39D73007DBD4F /* DFelis catus.txt */ = {isa = PBXFileReference; fileEncoding = 4; lastKnownFileType = text; path = "DFelis catus.txt"; sourceTree = "<group>"; };
		22896A851EE39D73007DBD4F /* HFelis catus.txt */ = {isa = PBXFileReference; fileEncoding = 4; lastKnownFileType = text; path = "HFelis catus.txt"; sourceTree = "<group>"; };
		22896A861EE39D73007DBD4F /* JFelis catus.txt */ = {isa = PBXFileReference; fileEncoding = 4; lastKnownFileType = text; path = "JFelis catus.txt"; sourceTree = "<group>"; };
		22896A871EE39D73007DBD4F /* KFelis catus.txt */ = {isa = PBXFileReference; fileEncoding = 4; lastKnownFileType = text; path = "KFelis catus.txt"; sourceTree = "<group>"; };
		22896A881EE39D73007DBD4F /* LFelis catus.txt */ = {isa = PBXFileReference; fileEncoding = 4; lastKnownFileType = text; path = "LFelis catus.txt"; sourceTree = "<group>"; };
		22896A891EE39D73007DBD4F /* MFelis catus.txt */ = {isa = PBXFileReference; fileEncoding = 4; lastKnownFileType = text; path = "MFelis catus.txt"; sourceTree = "<group>"; };
		22896A8A1EE39D73007DBD4F /* NFelis catus.txt */ = {isa = PBXFileReference; fileEncoding = 4; lastKnownFileType = text; path = "NFelis catus.txt"; sourceTree = "<group>"; };
		22896A8B1EE39D73007DBD4F /* OFelis catus.txt */ = {isa = PBXFileReference; fileEncoding = 4; lastKnownFileType = text; path = "OFelis catus.txt"; sourceTree = "<group>"; };
		22896A8C1EE39D73007DBD4F /* PFelis catus.txt */ = {isa = PBXFileReference; fileEncoding = 4; lastKnownFileType = text; path = "PFelis catus.txt"; sourceTree = "<group>"; };
		22896A8D1EE39D73007DBD4F /* RFelis catus.txt */ = {isa = PBXFileReference; fileEncoding = 4; lastKnownFileType = text; path = "RFelis catus.txt"; sourceTree = "<group>"; };
		22896A8E1EE39D73007DBD4F /* SFelis catus.txt */ = {isa = PBXFileReference; fileEncoding = 4; lastKnownFileType = text; path = "SFelis catus.txt"; sourceTree = "<group>"; };
		22896A8F1EE39D73007DBD4F /* TFelis catus.txt */ = {isa = PBXFileReference; fileEncoding = 4; lastKnownFileType = text; path = "TFelis catus.txt"; sourceTree = "<group>"; };
		22896A901EE39D73007DBD4F /* UFelis catus.txt */ = {isa = PBXFileReference; fileEncoding = 4; lastKnownFileType = text; path = "UFelis catus.txt"; sourceTree = "<group>"; };
		22896A911EE39D73007DBD4F /* VFelis catus.txt */ = {isa = PBXFileReference; fileEncoding = 4; lastKnownFileType = text; path = "VFelis catus.txt"; sourceTree = "<group>"; };
		22896AA31EE3D0C2007DBD4F /* AutoCompleteDataSource.swift */ = {isa = PBXFileReference; fileEncoding = 4; lastKnownFileType = sourcecode.swift; path = AutoCompleteDataSource.swift; sourceTree = "<group>"; };
		228B0B4C1ED9A363006A84D6 /* ListaBaseVC.swift */ = {isa = PBXFileReference; fileEncoding = 4; lastKnownFileType = sourcecode.swift; path = ListaBaseVC.swift; sourceTree = "<group>"; };
		229145E41ED6900E00D63FD4 /* MainTabBarControllerProtocol.swift */ = {isa = PBXFileReference; fileEncoding = 4; lastKnownFileType = sourcecode.swift; path = MainTabBarControllerProtocol.swift; sourceTree = "<group>"; };
		22A444F21EDB027D00493B4D /* NSObject+Helpers.swift */ = {isa = PBXFileReference; fileEncoding = 4; lastKnownFileType = sourcecode.swift; path = "NSObject+Helpers.swift"; sourceTree = "<group>"; };
		22A444F41EDB073000493B4D /* CoreDataManager.swift */ = {isa = PBXFileReference; fileEncoding = 4; lastKnownFileType = sourcecode.swift; path = CoreDataManager.swift; sourceTree = "<group>"; };
		22AD5C581EEBC59C0055ACAD /* GerenciadorDeTarefasProtocol.swift */ = {isa = PBXFileReference; fileEncoding = 4; lastKnownFileType = sourcecode.swift; path = GerenciadorDeTarefasProtocol.swift; sourceTree = "<group>"; };
		22B75DD31EE25688009E81E5 /* TableModelListProtocol.swift */ = {isa = PBXFileReference; fileEncoding = 4; lastKnownFileType = sourcecode.swift; path = TableModelListProtocol.swift; sourceTree = "<group>"; };
		22B75DD51EE25728009E81E5 /* ListaDeModelosVC.swift */ = {isa = PBXFileReference; fileEncoding = 4; lastKnownFileType = sourcecode.swift; path = ListaDeModelosVC.swift; sourceTree = "<group>"; };
		22E1FED21EED915500460522 /* alarme.caf */ = {isa = PBXFileReference; lastKnownFileType = file; path = alarme.caf; sourceTree = "<group>"; };
		22FDD8EF1EE4B43300CFAD77 /* UIColor+Helpers.swift */ = {isa = PBXFileReference; fileEncoding = 4; lastKnownFileType = sourcecode.swift; path = "UIColor+Helpers.swift"; sourceTree = "<group>"; };
		22FDD8F11EE4E7A100CFAD77 /* UITextField+Helpers.swift */ = {isa = PBXFileReference; fileEncoding = 4; lastKnownFileType = sourcecode.swift; path = "UITextField+Helpers.swift"; sourceTree = "<group>"; };
		2F2DDA9CF71EAD1256474737 /* Pods-InternaVET.release.xcconfig */ = {isa = PBXFileReference; includeInIndex = 1; lastKnownFileType = text.xcconfig; name = "Pods-InternaVET.release.xcconfig"; path = "Pods/Target Support Files/Pods-InternaVET/Pods-InternaVET.release.xcconfig"; sourceTree = "<group>"; };
		557BC26B1D6315EA74C821E2 /* Pods-InternaVET.debug.xcconfig */ = {isa = PBXFileReference; includeInIndex = 1; lastKnownFileType = text.xcconfig; name = "Pods-InternaVET.debug.xcconfig"; path = "Pods/Target Support Files/Pods-InternaVET/Pods-InternaVET.debug.xcconfig"; sourceTree = "<group>"; };
		5DC1D7F269BD3E82440F5C49 /* Pods_InternaVET.framework */ = {isa = PBXFileReference; explicitFileType = wrapper.framework; includeInIndex = 0; path = Pods_InternaVET.framework; sourceTree = BUILT_PRODUCTS_DIR; };
/* End PBXFileReference section */

/* Begin PBXFrameworksBuildPhase section */
		224B67A91E565E6700CC98D1 /* Frameworks */ = {
			isa = PBXFrameworksBuildPhase;
			buildActionMask = 2147483647;
			files = (
				224B67D41E566FE600CC98D1 /* QuartzCore.framework in Frameworks */,
				90588A6E77ED2E1DD6D4BDD0 /* Pods_InternaVET.framework in Frameworks */,
			);
			runOnlyForDeploymentPostprocessing = 0;
		};
/* End PBXFrameworksBuildPhase section */

/* Begin PBXGroup section */
		22139D581ED60290003DC7D7 /* Protocols */ = {
			isa = PBXGroup;
			children = (
				229145E41ED6900E00D63FD4 /* MainTabBarControllerProtocol.swift */,
				22AD5C581EEBC59C0055ACAD /* GerenciadorDeTarefasProtocol.swift */,
				224CE9581ED9157900164555 /* CadastroControllerProtocol.swift */,
				22B75DD31EE25688009E81E5 /* TableModelListProtocol.swift */,
			);
			name = Protocols;
			sourceTree = "<group>";
		};
		2245C6661EDBB6F6006CDFFF /* Dados Auxiliares */ = {
			isa = PBXGroup;
			children = (
				22E1FED21EED915500460522 /* alarme.caf */,
				2245C6671EDBB741006CDFFF /* canil.json */,
				225197E91EDA47280087AA48 /* ListaDeRacas */,
				225197E81EDA47010087AA48 /* ListaDeTarefas */,
			);
			name = "Dados Auxiliares";
			sourceTree = "<group>";
		};
		224B67A31E565E6700CC98D1 = {
			isa = PBXGroup;
			children = (
				224B67AE1E565E6700CC98D1 /* InternaVET */,
				224B67AD1E565E6700CC98D1 /* Products */,
				224B67D21E566FE600CC98D1 /* Frameworks */,
				3EBACE324FF4239D88C975E5 /* Pods */,
			);
			sourceTree = "<group>";
		};
		224B67AD1E565E6700CC98D1 /* Products */ = {
			isa = PBXGroup;
			children = (
				224B67AC1E565E6700CC98D1 /* InternaVET.app */,
			);
			name = Products;
			sourceTree = "<group>";
		};
		224B67AE1E565E6700CC98D1 /* InternaVET */ = {
			isa = PBXGroup;
			children = (
				227CF2791ED957E100339CED /* Resources */,
				227CF1F41ED9573C00339CED /* Sources */,
			);
			path = InternaVET;
			sourceTree = "<group>";
		};
		224B67C11E565EFD00CC98D1 /* Controller */ = {
			isa = PBXGroup;
			children = (
				2271E7451E730D4500789FBF /* Cadastros */,
				2271E7521E730E5500789FBF /* Listas */,
				224B67CA1E56685200CC98D1 /* MainTabBarVC.swift */,
				2286B18E1ED7BF14002EFD21 /* BackgroundScreenVC.swift */,
				2271E7531E73102800789FBF /* MenuVC.swift */,
			);
			name = Controller;
			sourceTree = "<group>";
		};
		224B67C21E565F0F00CC98D1 /* View */ = {
			isa = PBXGroup;
			children = (
				22FDD8EC1EE4774400CFAD77 /* CustomViews */,
				224B67C71E56631800CC98D1 /* TableViewCell */,
				224B67B31E565E6800CC98D1 /* Main.storyboard */,
				2271E7431E730C9400789FBF /* Cadastros.storyboard */,
			);
			name = View;
			sourceTree = "<group>";
		};
		224B67C51E5661B500CC98D1 /* Model */ = {
			isa = PBXGroup;
			children = (
				225197F21EDA4A1A0087AA48 /* Proprietario+CoreDataClass.swift */,
				225197F31EDA4A1A0087AA48 /* Proprietario+CoreDataProperties.swift */,
				225197F41EDA4A1A0087AA48 /* Tarefa+CoreDataClass.swift */,
				225197F51EDA4A1A0087AA48 /* Tarefa+CoreDataProperties.swift */,
				225197F61EDA4A1A0087AA48 /* Animal+CoreDataClass.swift */,
				225197F71EDA4A1A0087AA48 /* Animal+CoreDataProperties.swift */,
			);
			name = Model;
			sourceTree = "<group>";
		};
		224B67C61E5661BB00CC98D1 /* Business */ = {
			isa = PBXGroup;
			children = (
				225197FE1EDA5E590087AA48 /* GerenciamentoDeTarefas.swift */,
				2245C6601EDB82F8006CDFFF /* ExpandCollapseTableDataSource.swift */,
				2245C6621EDBAC09006CDFFF /* GerenciamentoDePickerViews.swift */,
				226D9D8C1EDEEB0E00841049 /* GerenciamentoDeTextFields.swift */,
				22896AA31EE3D0C2007DBD4F /* AutoCompleteDataSource.swift */,
			);
			name = Business;
			sourceTree = "<group>";
		};
		224B67C71E56631800CC98D1 /* TableViewCell */ = {
			isa = PBXGroup;
			children = (
				224B67C81E56633E00CC98D1 /* TarefaMainCell.swift */,
				2260D14A1E590FDA00A899E1 /* TarefaBodyCell.swift */,
				2260D1481E590FC200A899E1 /* PacienteMainCell.swift */,
				2260D14C1E590FEC00A899E1 /* PacienteBodyCell.swift */,
				22718CE81EE3115D004A07A1 /* ProprietarioMainCell.swift */,
				22718CEA1EE31192004A07A1 /* ProprietarioBodyCell.swift */,
			);
			name = TableViewCell;
			sourceTree = "<group>";
		};
		224B67D21E566FE600CC98D1 /* Frameworks */ = {
			isa = PBXGroup;
			children = (
				224B67D31E566FE600CC98D1 /* QuartzCore.framework */,
				5DC1D7F269BD3E82440F5C49 /* Pods_InternaVET.framework */,
			);
			name = Frameworks;
			sourceTree = "<group>";
		};
		225197E71EDA46D40087AA48 /* DAO */ = {
			isa = PBXGroup;
			children = (
				22A444F41EDB073000493B4D /* CoreDataManager.swift */,
				225197EC1EDA481F0087AA48 /* CanilDAO.swift */,
				225197EA1EDA47F50087AA48 /* AnimalDAO.swift */,
				225197EE1EDA482A0087AA48 /* ProprietarioDAO.swift */,
				225197F01EDA48320087AA48 /* TarefaDAO.swift */,
			);
			name = DAO;
			sourceTree = "<group>";
		};
		225197E81EDA47010087AA48 /* ListaDeTarefas */ = {
			isa = PBXGroup;
			children = (
				227CF27A1ED957E100339CED /* AExame.txt */,
				227CF27B1ED957E100339CED /* AMedicamento.txt */,
				227CF27C1ED957E100339CED /* AProcedimento.txt */,
				227CF27D1ED957E100339CED /* BExame.txt */,
				227CF27E1ED957E100339CED /* BMedicamento.txt */,
				227CF27F1ED957E100339CED /* BProcedimento.txt */,
				227CF2801ED957E100339CED /* CExame.txt */,
				227CF2811ED957E100339CED /* CMedicamento.txt */,
				227CF2821ED957E100339CED /* CProcedimento.txt */,
				227CF2831ED957E100339CED /* DExame.txt */,
				227CF2841ED957E100339CED /* DMedicamento.txt */,
				227CF2851ED957E100339CED /* DProcedimento.txt */,
				227CF2861ED957E100339CED /* EExame.txt */,
				227CF2871ED957E100339CED /* EMedicamento.txt */,
				227CF2881ED957E100339CED /* EProcedimento.txt */,
				227CF2891ED957E100339CED /* FExame.txt */,
				227CF28A1ED957E100339CED /* FMedicamento.txt */,
				227CF28B1ED957E100339CED /* FProcedimento.txt */,
				227CF28C1ED957E100339CED /* GExame.txt */,
				227CF28D1ED957E100339CED /* GMedicamento.txt */,
				227CF28E1ED957E100339CED /* HExame.txt */,
				227CF28F1ED957E100339CED /* HMedicamento.txt */,
				227CF2901ED957E100339CED /* IExame.txt */,
				227CF2911ED957E100339CED /* IMedicamento.txt */,
				227CF2951ED957E100339CED /* JExame.txt */,
				227CF2961ED957E100339CED /* KExame.txt */,
				227CF2971ED957E100339CED /* KMedicamento.txt */,
				227CF2981ED957E100339CED /* LExame.txt */,
				227CF2991ED957E100339CED /* LMedicamento.txt */,
				227CF29A1ED957E100339CED /* logM.txt */,
				227CF29B1ED957E100339CED /* LProcedimento.txt */,
				227CF29C1ED957E100339CED /* MExame.txt */,
				227CF29D1ED957E100339CED /* MMedicamento.txt */,
				227CF29E1ED957E100339CED /* MProcedimento.txt */,
				227CF29F1ED957E100339CED /* NExame.txt */,
				227CF2A01ED957E100339CED /* NMedicamento.txt */,
				227CF2A11ED957E100339CED /* OExame.txt */,
				227CF2A21ED957E100339CED /* OMedicamento.txt */,
				227CF2A31ED957E100339CED /* OProcedimento.txt */,
				227CF2A41ED957E100339CED /* PExame.txt */,
				227CF2A51ED957E100339CED /* PMedicamento.txt */,
				227CF2A61ED957E100339CED /* PProcedimento.txt */,
				227CF2A71ED957E100339CED /* QExame.txt */,
				227CF2A81ED957E100339CED /* QMedicamento.txt */,
				227CF2A91ED957E100339CED /* RExame.txt */,
				227CF2AA1ED957E100339CED /* RMedicamento.txt */,
				227CF2AB1ED957E100339CED /* RProcedimento.txt */,
				227CF2AC1ED957E100339CED /* SExame.txt */,
				227CF2AD1ED957E100339CED /* SMedicamento.txt */,
				227CF2AE1ED957E100339CED /* TExame.txt */,
				227CF2AF1ED957E100339CED /* TMedicamento.txt */,
				227CF2B01ED957E100339CED /* TProcedimento.txt */,
				227CF2B11ED957E100339CED /* UExame.txt */,
				227CF2B21ED957E100339CED /* UMedicamento.txt */,
				227CF2B31ED957E100339CED /* UProcedimento.txt */,
				227CF2B41ED957E100339CED /* VExame.txt */,
				227CF2B51ED957E100339CED /* VMedicamento.txt */,
				227CF2B61ED957E100339CED /* VProcedimento.txt */,
				227CF2B71ED957E100339CED /* XExame.txt */,
				227CF2B81ED957E100339CED /* XMedicamento.txt */,
				227CF2B91ED957E100339CED /* ZExame.txt */,
				227CF2BA1ED957E100339CED /* ZMedicamento.txt */,
			);
			name = ListaDeTarefas;
			sourceTree = "<group>";
		};
		225197E91EDA47280087AA48 /* ListaDeRacas */ = {
			isa = PBXGroup;
			children = (
				22896A811EE39D73007DBD4F /* AFelis catus.txt */,
				22896A821EE39D73007DBD4F /* BFelis catus.txt */,
				22896A831EE39D73007DBD4F /* CFelis catus.txt */,
				22896A841EE39D73007DBD4F /* DFelis catus.txt */,
				22896A851EE39D73007DBD4F /* HFelis catus.txt */,
				22896A861EE39D73007DBD4F /* JFelis catus.txt */,
				22896A871EE39D73007DBD4F /* KFelis catus.txt */,
				22896A881EE39D73007DBD4F /* LFelis catus.txt */,
				22896A891EE39D73007DBD4F /* MFelis catus.txt */,
				22896A8A1EE39D73007DBD4F /* NFelis catus.txt */,
				22896A8B1EE39D73007DBD4F /* OFelis catus.txt */,
				22896A8C1EE39D73007DBD4F /* PFelis catus.txt */,
				22896A8D1EE39D73007DBD4F /* RFelis catus.txt */,
				22896A8E1EE39D73007DBD4F /* SFelis catus.txt */,
				22896A8F1EE39D73007DBD4F /* TFelis catus.txt */,
				22896A901EE39D73007DBD4F /* UFelis catus.txt */,
				22896A911EE39D73007DBD4F /* VFelis catus.txt */,
				22896A5B1EE39CE8007DBD4F /* ACanis familiaris.txt */,
				22896A5C1EE39CE8007DBD4F /* BCanis familiaris.txt */,
				22896A5D1EE39CE8007DBD4F /* DCanis familiaris.txt */,
				22896A5E1EE39CE8007DBD4F /* FCanis familiaris.txt */,
				22896A5F1EE39CE8007DBD4F /* GCanis familiaris.txt */,
				22896A601EE39CE8007DBD4F /* HCanis familiaris.txt */,
				22896A611EE39CE8007DBD4F /* JCanis familiaris.txt */,
				22896A621EE39CE8007DBD4F /* KCanis familiaris.txt */,
				22896A631EE39CE8007DBD4F /* LCanis familiaris.txt */,
				22896A641EE39CE8007DBD4F /* MCanis familiaris.txt */,
				22896A651EE39CE8007DBD4F /* NCanis familiaris.txt */,
				22896A661EE39CE8007DBD4F /* OCanis familiaris.txt */,
				22896A671EE39CE8007DBD4F /* PCanis familiaris.txt */,
				22896A681EE39CE8007DBD4F /* RCanis familiaris.txt */,
				22896A691EE39CE8007DBD4F /* SCanis familiaris.txt */,
				22896A6A1EE39CE8007DBD4F /* TCanis familiaris.txt */,
				22896A6B1EE39CE8007DBD4F /* VCanis familiaris.txt */,
				22896A6C1EE39CE8007DBD4F /* WCanis familiaris.txt */,
				22896A6D1EE39CE8007DBD4F /* YCanis familiaris.txt */,
			);
			name = ListaDeRacas;
			sourceTree = "<group>";
		};
		2266E3401E58DDA700817904 /* Extension */ = {
			isa = PBXGroup;
			children = (
				2266E3411E58DDBF00817904 /* CGRect+Helpers.swift */,
				22A444F21EDB027D00493B4D /* NSObject+Helpers.swift */,
				22FDD8EF1EE4B43300CFAD77 /* UIColor+Helpers.swift */,
				226DB1061EDED0C5003DB60D /* UISegment+Helpers.swift */,
				2286B18C1ED7BD58002EFD21 /* ViewController+Helpers.swift */,
				226DB1081EDED157003DB60D /* UIPicker+Helpers.swift */,
				227CF2FC1ED962E400339CED /* UIView+Helpers.swift */,
				225198001EDA610D0087AA48 /* NSDate+Helpers.swift */,
				2245C6641EDBB012006CDFFF /* String+Helpers.swift */,
				22FDD8F11EE4E7A100CFAD77 /* UITextField+Helpers.swift */,
			);
			name = Extension;
			sourceTree = "<group>";
		};
		2271E7451E730D4500789FBF /* Cadastros */ = {
			isa = PBXGroup;
			children = (
				227CF1F21ED951F200339CED /* CadastroBaseVC.swift */,
				2271E74E1E730E2D00789FBF /* CadastroProprietarioVC.swift */,
				2271E7501E730E4A00789FBF /* CadastroMedicacaoVC.swift */,
				2271E74A1E730DFB00789FBF /* CadastroPacienteVC.swift */,
			);
			name = Cadastros;
			sourceTree = "<group>";
		};
		2271E7521E730E5500789FBF /* Listas */ = {
			isa = PBXGroup;
			children = (
				22B75DD51EE25728009E81E5 /* ListaDeModelosVC.swift */,
				228B0B4C1ED9A363006A84D6 /* ListaBaseVC.swift */,
				224B67CE1E5668A900CC98D1 /* ListaProprietariosVC.swift */,
				224B67C31E565F4800CC98D1 /* ListaTarefasVC.swift */,
				224B67CC1E56688F00CC98D1 /* ListaPacientesVC.swift */,
			);
			name = Listas;
			sourceTree = "<group>";
		};
		227CF1F41ED9573C00339CED /* Sources */ = {
			isa = PBXGroup;
			children = (
				224B67AF1E565E6700CC98D1 /* AppDelegate.swift */,
				2266E3401E58DDA700817904 /* Extension */,
				22139D581ED60290003DC7D7 /* Protocols */,
				225197E71EDA46D40087AA48 /* DAO */,
				224B67C61E5661BB00CC98D1 /* Business */,
				224B67C51E5661B500CC98D1 /* Model */,
				224B67C21E565F0F00CC98D1 /* View */,
				224B67C11E565EFD00CC98D1 /* Controller */,
			);
			name = Sources;
			sourceTree = "<group>";
		};
		227CF2791ED957E100339CED /* Resources */ = {
			isa = PBXGroup;
			children = (
				224B67B61E565E6800CC98D1 /* Assets.xcassets */,
				224B67B81E565E6800CC98D1 /* LaunchScreen.storyboard */,
				224B67BB1E565E6800CC98D1 /* Info.plist */,
				225197A01EDA22EF0087AA48 /* InternaVET.xcdatamodeld */,
				2245C6661EDBB6F6006CDFFF /* Dados Auxiliares */,
			);
			path = Resources;
			sourceTree = "<group>";
		};
		22FDD8EC1EE4774400CFAD77 /* CustomViews */ = {
			isa = PBXGroup;
			children = (
			);
			name = CustomViews;
			sourceTree = "<group>";
		};
		3EBACE324FF4239D88C975E5 /* Pods */ = {
			isa = PBXGroup;
			children = (
				557BC26B1D6315EA74C821E2 /* Pods-InternaVET.debug.xcconfig */,
				2F2DDA9CF71EAD1256474737 /* Pods-InternaVET.release.xcconfig */,
			);
			name = Pods;
			sourceTree = "<group>";
		};
/* End PBXGroup section */

/* Begin PBXNativeTarget section */
		224B67AB1E565E6700CC98D1 /* InternaVET */ = {
			isa = PBXNativeTarget;
			buildConfigurationList = 224B67BE1E565E6800CC98D1 /* Build configuration list for PBXNativeTarget "InternaVET" */;
			buildPhases = (
				A3190C453E907A80D049211E /* [CP] Check Pods Manifest.lock */,
				224B67A81E565E6700CC98D1 /* Sources */,
				224B67A91E565E6700CC98D1 /* Frameworks */,
				224B67AA1E565E6700CC98D1 /* Resources */,
				E6FD39F75611F234A3042077 /* [CP] Embed Pods Frameworks */,
				4B67B705232DD621198BAC8F /* [CP] Copy Pods Resources */,
				22C1230F1EFEB0030065C3DF /* ShellScript */,
			);
			buildRules = (
			);
			dependencies = (
			);
			name = InternaVET;
			productName = InternaVET;
			productReference = 224B67AC1E565E6700CC98D1 /* InternaVET.app */;
			productType = "com.apple.product-type.application";
		};
/* End PBXNativeTarget section */

/* Begin PBXProject section */
		224B67A41E565E6700CC98D1 /* Project object */ = {
			isa = PBXProject;
			attributes = {
				LastSwiftUpdateCheck = 0820;
				LastUpgradeCheck = 0820;
				ORGANIZATIONNAME = "Jorge Luis";
				TargetAttributes = {
					224B67AB1E565E6700CC98D1 = {
						CreatedOnToolsVersion = 8.2.1;
						DevelopmentTeam = EZRN74T3UH;
						ProvisioningStyle = Automatic;
					};
				};
			};
			buildConfigurationList = 224B67A71E565E6700CC98D1 /* Build configuration list for PBXProject "InternaVET" */;
			compatibilityVersion = "Xcode 3.2";
			developmentRegion = English;
			hasScannedForEncodings = 0;
			knownRegions = (
				en,
				Base,
			);
			mainGroup = 224B67A31E565E6700CC98D1;
			productRefGroup = 224B67AD1E565E6700CC98D1 /* Products */;
			projectDirPath = "";
			projectRoot = "";
			targets = (
				224B67AB1E565E6700CC98D1 /* InternaVET */,
			);
		};
/* End PBXProject section */

/* Begin PBXResourcesBuildPhase section */
		224B67AA1E565E6700CC98D1 /* Resources */ = {
			isa = PBXResourcesBuildPhase;
			buildActionMask = 2147483647;
			files = (
				22896A9F1EE39D73007DBD4F /* SFelis catus.txt in Resources */,
				22896A741EE39CE8007DBD4F /* JCanis familiaris.txt in Resources */,
				227CF2DA1ED957E100339CED /* LMedicamento.txt in Resources */,
				22896A7A1EE39CE8007DBD4F /* PCanis familiaris.txt in Resources */,
				22896A721EE39CE8007DBD4F /* GCanis familiaris.txt in Resources */,
				22896A921EE39D73007DBD4F /* AFelis catus.txt in Resources */,
				227CF2D11ED957E100339CED /* IExame.txt in Resources */,
				22896A781EE39CE8007DBD4F /* NCanis familiaris.txt in Resources */,
				227CF2D21ED957E100339CED /* IMedicamento.txt in Resources */,
				22896A801EE39CE8007DBD4F /* YCanis familiaris.txt in Resources */,
				22896AA11EE39D73007DBD4F /* UFelis catus.txt in Resources */,
				227CF2C41ED957E100339CED /* DExame.txt in Resources */,
				227CF2C71ED957E100339CED /* EExame.txt in Resources */,
				227CF2C31ED957E100339CED /* CProcedimento.txt in Resources */,
				227CF2BF1ED957E100339CED /* BMedicamento.txt in Resources */,
				22896A7C1EE39CE8007DBD4F /* SCanis familiaris.txt in Resources */,
				22896A771EE39CE8007DBD4F /* MCanis familiaris.txt in Resources */,
				227CF2D01ED957E100339CED /* HMedicamento.txt in Resources */,
				227CF2BB1ED957E100339CED /* AExame.txt in Resources */,
				227CF2E01ED957E100339CED /* NExame.txt in Resources */,
				227CF2E91ED957E100339CED /* QMedicamento.txt in Resources */,
				227CF2BC1ED957E100339CED /* AMedicamento.txt in Resources */,
				227CF2CB1ED957E100339CED /* FMedicamento.txt in Resources */,
				227CF2DD1ED957E100339CED /* MExame.txt in Resources */,
				22896A7B1EE39CE8007DBD4F /* RCanis familiaris.txt in Resources */,
				227CF2BE1ED957E100339CED /* BExame.txt in Resources */,
				22896A6E1EE39CE8007DBD4F /* ACanis familiaris.txt in Resources */,
				227CF2E21ED957E100339CED /* OExame.txt in Resources */,
				22896A941EE39D73007DBD4F /* CFelis catus.txt in Resources */,
				227CF2F31ED957E100339CED /* UMedicamento.txt in Resources */,
				227CF2FB1ED957E100339CED /* ZMedicamento.txt in Resources */,
				22896A791EE39CE8007DBD4F /* OCanis familiaris.txt in Resources */,
				22896A961EE39D73007DBD4F /* HFelis catus.txt in Resources */,
				22896A9B1EE39D73007DBD4F /* NFelis catus.txt in Resources */,
				227CF2C91ED957E100339CED /* EProcedimento.txt in Resources */,
				227CF2D81ED957E100339CED /* KMedicamento.txt in Resources */,
				227CF2C01ED957E100339CED /* BProcedimento.txt in Resources */,
				227CF2F91ED957E100339CED /* XMedicamento.txt in Resources */,
				227CF2EC1ED957E100339CED /* RProcedimento.txt in Resources */,
				227CF2BD1ED957E100339CED /* AProcedimento.txt in Resources */,
				227CF2CE1ED957E100339CED /* GMedicamento.txt in Resources */,
				22896A711EE39CE8007DBD4F /* FCanis familiaris.txt in Resources */,
				227CF2E81ED957E100339CED /* QExame.txt in Resources */,
				227CF2D91ED957E100339CED /* LExame.txt in Resources */,
				227CF2F61ED957E100339CED /* VMedicamento.txt in Resources */,
				224B67BA1E565E6800CC98D1 /* LaunchScreen.storyboard in Resources */,
				22896A981EE39D73007DBD4F /* KFelis catus.txt in Resources */,
				227CF2EF1ED957E100339CED /* TExame.txt in Resources */,
				22896A761EE39CE8007DBD4F /* LCanis familiaris.txt in Resources */,
				224B67B71E565E6800CC98D1 /* Assets.xcassets in Resources */,
				227CF2D61ED957E100339CED /* JExame.txt in Resources */,
				22896A971EE39D73007DBD4F /* JFelis catus.txt in Resources */,
				22896A9C1EE39D73007DBD4F /* OFelis catus.txt in Resources */,
				22896AA01EE39D73007DBD4F /* TFelis catus.txt in Resources */,
				227CF2E71ED957E100339CED /* PProcedimento.txt in Resources */,
				227CF2DC1ED957E100339CED /* LProcedimento.txt in Resources */,
				227CF2FA1ED957E100339CED /* ZExame.txt in Resources */,
				22896A951EE39D73007DBD4F /* DFelis catus.txt in Resources */,
				227CF2ED1ED957E100339CED /* SExame.txt in Resources */,
				22896A7D1EE39CE8007DBD4F /* TCanis familiaris.txt in Resources */,
				227CF2F11ED957E100339CED /* TProcedimento.txt in Resources */,
				22896A931EE39D73007DBD4F /* BFelis catus.txt in Resources */,
				227CF2C11ED957E100339CED /* CExame.txt in Resources */,
				227CF2CC1ED957E100339CED /* FProcedimento.txt in Resources */,
				227CF2D71ED957E100339CED /* KExame.txt in Resources */,
				224B67B51E565E6800CC98D1 /* Main.storyboard in Resources */,
				227CF2E31ED957E100339CED /* OMedicamento.txt in Resources */,
				227CF2CA1ED957E100339CED /* FExame.txt in Resources */,
				22896A731EE39CE8007DBD4F /* HCanis familiaris.txt in Resources */,
				227CF2C81ED957E100339CED /* EMedicamento.txt in Resources */,
				227CF2C61ED957E100339CED /* DProcedimento.txt in Resources */,
				2271E7441E730C9400789FBF /* Cadastros.storyboard in Resources */,
				227CF2E61ED957E100339CED /* PMedicamento.txt in Resources */,
				22896A7F1EE39CE8007DBD4F /* WCanis familiaris.txt in Resources */,
				227CF2DE1ED957E100339CED /* MMedicamento.txt in Resources */,
				227CF2F21ED957E100339CED /* UExame.txt in Resources */,
				227CF2CD1ED957E100339CED /* GExame.txt in Resources */,
				227CF2EA1ED957E100339CED /* RExame.txt in Resources */,
				227CF2F81ED957E100339CED /* XExame.txt in Resources */,
				227CF2C21ED957E100339CED /* CMedicamento.txt in Resources */,
				22896A9D1EE39D73007DBD4F /* PFelis catus.txt in Resources */,
				22896A701EE39CE8007DBD4F /* DCanis familiaris.txt in Resources */,
				227CF2F71ED957E100339CED /* VProcedimento.txt in Resources */,
				227CF2EE1ED957E100339CED /* SMedicamento.txt in Resources */,
				22E1FED31EED915500460522 /* alarme.caf in Resources */,
				227CF2DB1ED957E100339CED /* logM.txt in Resources */,
				227CF2F01ED957E100339CED /* TMedicamento.txt in Resources */,
				227CF2E51ED957E100339CED /* PExame.txt in Resources */,
				22896A9E1EE39D73007DBD4F /* RFelis catus.txt in Resources */,
				227CF2CF1ED957E100339CED /* HExame.txt in Resources */,
				227CF2EB1ED957E100339CED /* RMedicamento.txt in Resources */,
				22896A6F1EE39CE8007DBD4F /* BCanis familiaris.txt in Resources */,
				22896A751EE39CE8007DBD4F /* KCanis familiaris.txt in Resources */,
				22896A7E1EE39CE8007DBD4F /* VCanis familiaris.txt in Resources */,
				227CF2F41ED957E100339CED /* UProcedimento.txt in Resources */,
				227CF2E11ED957E100339CED /* NMedicamento.txt in Resources */,
				22896AA21EE39D73007DBD4F /* VFelis catus.txt in Resources */,
				2245C6681EDBB741006CDFFF /* canil.json in Resources */,
				22896A9A1EE39D73007DBD4F /* MFelis catus.txt in Resources */,
				227CF2DF1ED957E100339CED /* MProcedimento.txt in Resources */,
				227CF2F51ED957E100339CED /* VExame.txt in Resources */,
				227CF2C51ED957E100339CED /* DMedicamento.txt in Resources */,
				227CF2E41ED957E100339CED /* OProcedimento.txt in Resources */,
				22896A991EE39D73007DBD4F /* LFelis catus.txt in Resources */,
			);
			runOnlyForDeploymentPostprocessing = 0;
		};
/* End PBXResourcesBuildPhase section */

/* Begin PBXShellScriptBuildPhase section */
		22C1230F1EFEB0030065C3DF /* ShellScript */ = {
			isa = PBXShellScriptBuildPhase;
			buildActionMask = 12;
			files = (
			);
			inputPaths = (
			);
			outputPaths = (
			);
			runOnlyForDeploymentPostprocessing = 0;
			shellPath = /bin/sh;
			shellScript = "\"${PODS_ROOT}/Fabric/run\" f9507dca343cc75c37294558a5b78717af963d37 3a669e4d6864b78a5b335638ced44139fa2e9b72f469e9c6516f1d7a8d91314a";
		};
		4B67B705232DD621198BAC8F /* [CP] Copy Pods Resources */ = {
			isa = PBXShellScriptBuildPhase;
			buildActionMask = 2147483647;
			files = (
			);
			inputPaths = (
			);
			name = "[CP] Copy Pods Resources";
			outputPaths = (
			);
			runOnlyForDeploymentPostprocessing = 0;
			shellPath = /bin/sh;
			shellScript = "\"${SRCROOT}/Pods/Target Support Files/Pods-InternaVET/Pods-InternaVET-resources.sh\"\n";
			showEnvVarsInLog = 0;
		};
		A3190C453E907A80D049211E /* [CP] Check Pods Manifest.lock */ = {
			isa = PBXShellScriptBuildPhase;
			buildActionMask = 2147483647;
			files = (
			);
			inputPaths = (
			);
			name = "[CP] Check Pods Manifest.lock";
			outputPaths = (
			);
			runOnlyForDeploymentPostprocessing = 0;
			shellPath = /bin/sh;
			shellScript = "diff \"${PODS_PODFILE_DIR_PATH}/Podfile.lock\" \"${PODS_ROOT}/Manifest.lock\" > /dev/null\nif [ $? != 0 ] ; then\n    # print error to STDERR\n    echo \"error: The sandbox is not in sync with the Podfile.lock. Run 'pod install' or update your CocoaPods installation.\" >&2\n    exit 1\nfi\n";
			showEnvVarsInLog = 0;
		};
		E6FD39F75611F234A3042077 /* [CP] Embed Pods Frameworks */ = {
			isa = PBXShellScriptBuildPhase;
			buildActionMask = 2147483647;
			files = (
			);
			inputPaths = (
			);
			name = "[CP] Embed Pods Frameworks";
			outputPaths = (
			);
			runOnlyForDeploymentPostprocessing = 0;
			shellPath = /bin/sh;
			shellScript = "\"${SRCROOT}/Pods/Target Support Files/Pods-InternaVET/Pods-InternaVET-frameworks.sh\"\n";
			showEnvVarsInLog = 0;
		};
/* End PBXShellScriptBuildPhase section */

/* Begin PBXSourcesBuildPhase section */
		224B67A81E565E6700CC98D1 /* Sources */ = {
			isa = PBXSourcesBuildPhase;
			buildActionMask = 2147483647;
			files = (
				226DB1071EDED0C5003DB60D /* UISegment+Helpers.swift in Sources */,
				224B67B01E565E6700CC98D1 /* AppDelegate.swift in Sources */,
				22B75DD41EE25688009E81E5 /* TableModelListProtocol.swift in Sources */,
				228B0B4D1ED9A363006A84D6 /* ListaBaseVC.swift in Sources */,
				225197F81EDA4A1A0087AA48 /* Proprietario+CoreDataClass.swift in Sources */,
				225197EB1EDA47F50087AA48 /* AnimalDAO.swift in Sources */,
				2260D1491E590FC200A899E1 /* PacienteMainCell.swift in Sources */,
				225197F91EDA4A1A0087AA48 /* Proprietario+CoreDataProperties.swift in Sources */,
				225197EF1EDA482A0087AA48 /* ProprietarioDAO.swift in Sources */,
				225197FB1EDA4A1A0087AA48 /* Tarefa+CoreDataProperties.swift in Sources */,
				224CE9591ED9157900164555 /* CadastroControllerProtocol.swift in Sources */,
				224B67C41E565F4800CC98D1 /* ListaTarefasVC.swift in Sources */,
				2260D14B1E590FDA00A899E1 /* TarefaBodyCell.swift in Sources */,
				225197FC1EDA4A1A0087AA48 /* Animal+CoreDataClass.swift in Sources */,
				225197FD1EDA4A1A0087AA48 /* Animal+CoreDataProperties.swift in Sources */,
				22AD5C591EEBC59C0055ACAD /* GerenciadorDeTarefasProtocol.swift in Sources */,
				2286B18D1ED7BD58002EFD21 /* ViewController+Helpers.swift in Sources */,
				2286B18F1ED7BF14002EFD21 /* BackgroundScreenVC.swift in Sources */,
				22A444F31EDB027D00493B4D /* NSObject+Helpers.swift in Sources */,
				225197ED1EDA481F0087AA48 /* CanilDAO.swift in Sources */,
				22B75DD61EE25728009E81E5 /* ListaDeModelosVC.swift in Sources */,
				22FDD8F21EE4E7A100CFAD77 /* UITextField+Helpers.swift in Sources */,
				22718CE91EE3115D004A07A1 /* ProprietarioMainCell.swift in Sources */,
				225198011EDA610D0087AA48 /* NSDate+Helpers.swift in Sources */,
				225197FF1EDA5E590087AA48 /* GerenciamentoDeTarefas.swift in Sources */,
				2271E74F1E730E2D00789FBF /* CadastroProprietarioVC.swift in Sources */,
				2245C6651EDBB012006CDFFF /* String+Helpers.swift in Sources */,
				224B67CD1E56688F00CC98D1 /* ListaPacientesVC.swift in Sources */,
				2271E74B1E730DFB00789FBF /* CadastroPacienteVC.swift in Sources */,
				225197FA1EDA4A1A0087AA48 /* Tarefa+CoreDataClass.swift in Sources */,
				227CF2FD1ED962E400339CED /* UIView+Helpers.swift in Sources */,
				227CF1F31ED951F200339CED /* CadastroBaseVC.swift in Sources */,
				2260D14D1E590FEC00A899E1 /* PacienteBodyCell.swift in Sources */,
				22A444F51EDB073000493B4D /* CoreDataManager.swift in Sources */,
				229145E51ED6900E00D63FD4 /* MainTabBarControllerProtocol.swift in Sources */,
				22896AA41EE3D0C2007DBD4F /* AutoCompleteDataSource.swift in Sources */,
				225197A21EDA22EF0087AA48 /* InternaVET.xcdatamodeld in Sources */,
				2271E7511E730E4A00789FBF /* CadastroMedicacaoVC.swift in Sources */,
				2245C6611EDB82F8006CDFFF /* ExpandCollapseTableDataSource.swift in Sources */,
				226DB1091EDED157003DB60D /* UIPicker+Helpers.swift in Sources */,
				225197F11EDA48320087AA48 /* TarefaDAO.swift in Sources */,
				224B67C91E56633E00CC98D1 /* TarefaMainCell.swift in Sources */,
				22718CEB1EE31192004A07A1 /* ProprietarioBodyCell.swift in Sources */,
				2245C6631EDBAC09006CDFFF /* GerenciamentoDePickerViews.swift in Sources */,
				224B67CF1E5668A900CC98D1 /* ListaProprietariosVC.swift in Sources */,
				22FDD8F01EE4B43300CFAD77 /* UIColor+Helpers.swift in Sources */,
				226D9D8D1EDEEB0E00841049 /* GerenciamentoDeTextFields.swift in Sources */,
				224B67CB1E56685200CC98D1 /* MainTabBarVC.swift in Sources */,
				2266E3421E58DDBF00817904 /* CGRect+Helpers.swift in Sources */,
				2271E7541E73102800789FBF /* MenuVC.swift in Sources */,
			);
			runOnlyForDeploymentPostprocessing = 0;
		};
/* End PBXSourcesBuildPhase section */

/* Begin PBXVariantGroup section */
		224B67B31E565E6800CC98D1 /* Main.storyboard */ = {
			isa = PBXVariantGroup;
			children = (
				224B67B41E565E6800CC98D1 /* Base */,
			);
			name = Main.storyboard;
			sourceTree = "<group>";
		};
		224B67B81E565E6800CC98D1 /* LaunchScreen.storyboard */ = {
			isa = PBXVariantGroup;
			children = (
				224B67B91E565E6800CC98D1 /* Base */,
			);
			name = LaunchScreen.storyboard;
			path = ..;
			sourceTree = "<group>";
		};
/* End PBXVariantGroup section */

/* Begin XCBuildConfiguration section */
		224B67BC1E565E6800CC98D1 /* Debug */ = {
			isa = XCBuildConfiguration;
			buildSettings = {
				ALWAYS_SEARCH_USER_PATHS = NO;
				CLANG_ANALYZER_NONNULL = YES;
				CLANG_CXX_LANGUAGE_STANDARD = "gnu++0x";
				CLANG_CXX_LIBRARY = "libc++";
				CLANG_ENABLE_MODULES = YES;
				CLANG_ENABLE_OBJC_ARC = YES;
				CLANG_WARN_BOOL_CONVERSION = YES;
				CLANG_WARN_CONSTANT_CONVERSION = YES;
				CLANG_WARN_DIRECT_OBJC_ISA_USAGE = YES_ERROR;
				CLANG_WARN_DOCUMENTATION_COMMENTS = YES;
				CLANG_WARN_EMPTY_BODY = YES;
				CLANG_WARN_ENUM_CONVERSION = YES;
				CLANG_WARN_INFINITE_RECURSION = YES;
				CLANG_WARN_INT_CONVERSION = YES;
				CLANG_WARN_OBJC_ROOT_CLASS = YES_ERROR;
				CLANG_WARN_SUSPICIOUS_MOVE = YES;
				CLANG_WARN_UNREACHABLE_CODE = YES;
				CLANG_WARN__DUPLICATE_METHOD_MATCH = YES;
				"CODE_SIGN_IDENTITY[sdk=iphoneos*]" = "iPhone Developer";
				COPY_PHASE_STRIP = NO;
				DEBUG_INFORMATION_FORMAT = dwarf;
				ENABLE_STRICT_OBJC_MSGSEND = YES;
				ENABLE_TESTABILITY = YES;
				GCC_C_LANGUAGE_STANDARD = gnu99;
				GCC_DYNAMIC_NO_PIC = NO;
				GCC_NO_COMMON_BLOCKS = YES;
				GCC_OPTIMIZATION_LEVEL = 0;
				GCC_PREPROCESSOR_DEFINITIONS = (
					"DEBUG=1",
					"$(inherited)",
				);
				GCC_WARN_64_TO_32_BIT_CONVERSION = YES;
				GCC_WARN_ABOUT_RETURN_TYPE = YES_ERROR;
				GCC_WARN_UNDECLARED_SELECTOR = YES;
				GCC_WARN_UNINITIALIZED_AUTOS = YES_AGGRESSIVE;
				GCC_WARN_UNUSED_FUNCTION = YES;
				GCC_WARN_UNUSED_VARIABLE = YES;
				IPHONEOS_DEPLOYMENT_TARGET = 10.2;
				MTL_ENABLE_DEBUG_INFO = YES;
				ONLY_ACTIVE_ARCH = YES;
				SDKROOT = iphoneos;
				SWIFT_ACTIVE_COMPILATION_CONDITIONS = DEBUG;
				SWIFT_OPTIMIZATION_LEVEL = "-Onone";
			};
			name = Debug;
		};
		224B67BD1E565E6800CC98D1 /* Release */ = {
			isa = XCBuildConfiguration;
			buildSettings = {
				ALWAYS_SEARCH_USER_PATHS = NO;
				CLANG_ANALYZER_NONNULL = YES;
				CLANG_CXX_LANGUAGE_STANDARD = "gnu++0x";
				CLANG_CXX_LIBRARY = "libc++";
				CLANG_ENABLE_MODULES = YES;
				CLANG_ENABLE_OBJC_ARC = YES;
				CLANG_WARN_BOOL_CONVERSION = YES;
				CLANG_WARN_CONSTANT_CONVERSION = YES;
				CLANG_WARN_DIRECT_OBJC_ISA_USAGE = YES_ERROR;
				CLANG_WARN_DOCUMENTATION_COMMENTS = YES;
				CLANG_WARN_EMPTY_BODY = YES;
				CLANG_WARN_ENUM_CONVERSION = YES;
				CLANG_WARN_INFINITE_RECURSION = YES;
				CLANG_WARN_INT_CONVERSION = YES;
				CLANG_WARN_OBJC_ROOT_CLASS = YES_ERROR;
				CLANG_WARN_SUSPICIOUS_MOVE = YES;
				CLANG_WARN_UNREACHABLE_CODE = YES;
				CLANG_WARN__DUPLICATE_METHOD_MATCH = YES;
				"CODE_SIGN_IDENTITY[sdk=iphoneos*]" = "iPhone Developer";
				COPY_PHASE_STRIP = NO;
				DEBUG_INFORMATION_FORMAT = "dwarf-with-dsym";
				ENABLE_NS_ASSERTIONS = NO;
				ENABLE_STRICT_OBJC_MSGSEND = YES;
				GCC_C_LANGUAGE_STANDARD = gnu99;
				GCC_NO_COMMON_BLOCKS = YES;
				GCC_WARN_64_TO_32_BIT_CONVERSION = YES;
				GCC_WARN_ABOUT_RETURN_TYPE = YES_ERROR;
				GCC_WARN_UNDECLARED_SELECTOR = YES;
				GCC_WARN_UNINITIALIZED_AUTOS = YES_AGGRESSIVE;
				GCC_WARN_UNUSED_FUNCTION = YES;
				GCC_WARN_UNUSED_VARIABLE = YES;
				IPHONEOS_DEPLOYMENT_TARGET = 10.2;
				MTL_ENABLE_DEBUG_INFO = NO;
				SDKROOT = iphoneos;
				SWIFT_OPTIMIZATION_LEVEL = "-Owholemodule";
				VALIDATE_PRODUCT = YES;
			};
			name = Release;
		};
		224B67BF1E565E6800CC98D1 /* Debug */ = {
			isa = XCBuildConfiguration;
			baseConfigurationReference = 557BC26B1D6315EA74C821E2 /* Pods-InternaVET.debug.xcconfig */;
			buildSettings = {
				ASSETCATALOG_COMPILER_APPICON_NAME = AppIcon;
				DEVELOPMENT_TEAM = EZRN74T3UH;
				INFOPLIST_FILE = InternaVET/Info.plist;
				IPHONEOS_DEPLOYMENT_TARGET = 10.0;
				LD_RUNPATH_SEARCH_PATHS = "$(inherited) @executable_path/Frameworks";
				PRODUCT_BUNDLE_IDENTIFIER = JorgeLuisXS.InternaVET;
				PRODUCT_NAME = "$(TARGET_NAME)";
				SWIFT_VERSION = 3.0;
				TARGETED_DEVICE_FAMILY = 1;
			};
			name = Debug;
		};
		224B67C01E565E6800CC98D1 /* Release */ = {
			isa = XCBuildConfiguration;
			baseConfigurationReference = 2F2DDA9CF71EAD1256474737 /* Pods-InternaVET.release.xcconfig */;
			buildSettings = {
				ASSETCATALOG_COMPILER_APPICON_NAME = AppIcon;
				DEVELOPMENT_TEAM = EZRN74T3UH;
				INFOPLIST_FILE = InternaVET/Info.plist;
				IPHONEOS_DEPLOYMENT_TARGET = 10.0;
				LD_RUNPATH_SEARCH_PATHS = "$(inherited) @executable_path/Frameworks";
				PRODUCT_BUNDLE_IDENTIFIER = JorgeLuisXS.InternaVET;
				PRODUCT_NAME = "$(TARGET_NAME)";
				SWIFT_VERSION = 3.0;
				TARGETED_DEVICE_FAMILY = 1;
			};
			name = Release;
		};
/* End XCBuildConfiguration section */

/* Begin XCConfigurationList section */
		224B67A71E565E6700CC98D1 /* Build configuration list for PBXProject "InternaVET" */ = {
			isa = XCConfigurationList;
			buildConfigurations = (
				224B67BC1E565E6800CC98D1 /* Debug */,
				224B67BD1E565E6800CC98D1 /* Release */,
			);
			defaultConfigurationIsVisible = 0;
			defaultConfigurationName = Release;
		};
		224B67BE1E565E6800CC98D1 /* Build configuration list for PBXNativeTarget "InternaVET" */ = {
			isa = XCConfigurationList;
			buildConfigurations = (
				224B67BF1E565E6800CC98D1 /* Debug */,
				224B67C01E565E6800CC98D1 /* Release */,
			);
			defaultConfigurationIsVisible = 0;
			defaultConfigurationName = Release;
		};
/* End XCConfigurationList section */

/* Begin XCVersionGroup section */
		225197A01EDA22EF0087AA48 /* InternaVET.xcdatamodeld */ = {
			isa = XCVersionGroup;
			children = (
				225197A11EDA22EF0087AA48 /* InternaVET.xcdatamodel */,
			);
			currentVersion = 225197A11EDA22EF0087AA48 /* InternaVET.xcdatamodel */;
			name = InternaVET.xcdatamodeld;
			path = ../InternaVET.xcdatamodeld;
			sourceTree = "<group>";
			versionGroupType = wrapper.xcdatamodel;
		};
/* End XCVersionGroup section */
	};
	rootObject = 224B67A41E565E6700CC98D1 /* Project object */;
}
