// !$*UTF8*$!
{
	archiveVersion = 1;
	classes = {
	};
	objectVersion = 46;
	objects = {

/* Begin PBXBuildFile section */
		224B67B01E565E6700CC98D1 /* AppDelegate.swift in Sources */ = {isa = PBXBuildFile; fileRef = 224B67AF1E565E6700CC98D1 /* AppDelegate.swift */; };
		224B67B51E565E6800CC98D1 /* Main.storyboard in Resources */ = {isa = PBXBuildFile; fileRef = 224B67B31E565E6800CC98D1 /* Main.storyboard */; };
		224B67B71E565E6800CC98D1 /* Assets.xcassets in Resources */ = {isa = PBXBuildFile; fileRef = 224B67B61E565E6800CC98D1 /* Assets.xcassets */; };
		224B67BA1E565E6800CC98D1 /* LaunchScreen.storyboard in Resources */ = {isa = PBXBuildFile; fileRef = 224B67B81E565E6800CC98D1 /* LaunchScreen.storyboard */; };
		224B67C41E565F4800CC98D1 /* AgendaPrincipalVC.swift in Sources */ = {isa = PBXBuildFile; fileRef = 224B67C31E565F4800CC98D1 /* AgendaPrincipalVC.swift */; };
		224B67C91E56633E00CC98D1 /* TarefaMainCell.swift in Sources */ = {isa = PBXBuildFile; fileRef = 224B67C81E56633E00CC98D1 /* TarefaMainCell.swift */; };
		224B67CB1E56685200CC98D1 /* MainTabBarVC.swift in Sources */ = {isa = PBXBuildFile; fileRef = 224B67CA1E56685200CC98D1 /* MainTabBarVC.swift */; };
		224B67CD1E56688F00CC98D1 /* ListaPacientesVC.swift in Sources */ = {isa = PBXBuildFile; fileRef = 224B67CC1E56688F00CC98D1 /* ListaPacientesVC.swift */; };
		224B67CF1E5668A900CC98D1 /* ListaProprietariosVC.swift in Sources */ = {isa = PBXBuildFile; fileRef = 224B67CE1E5668A900CC98D1 /* ListaProprietariosVC.swift */; };
		224B67D11E566E1900CC98D1 /* SegueFromLeft.swift in Sources */ = {isa = PBXBuildFile; fileRef = 224B67D01E566E1900CC98D1 /* SegueFromLeft.swift */; };
		224B67D41E566FE600CC98D1 /* QuartzCore.framework in Frameworks */ = {isa = PBXBuildFile; fileRef = 224B67D31E566FE600CC98D1 /* QuartzCore.framework */; };
/* End PBXBuildFile section */

/* Begin PBXFileReference section */
		224B67AC1E565E6700CC98D1 /* InternaVET.app */ = {isa = PBXFileReference; explicitFileType = wrapper.application; includeInIndex = 0; path = InternaVET.app; sourceTree = BUILT_PRODUCTS_DIR; };
		224B67AF1E565E6700CC98D1 /* AppDelegate.swift */ = {isa = PBXFileReference; lastKnownFileType = sourcecode.swift; path = AppDelegate.swift; sourceTree = "<group>"; };
		224B67B41E565E6800CC98D1 /* Base */ = {isa = PBXFileReference; lastKnownFileType = file.storyboard; name = Base; path = Base.lproj/Main.storyboard; sourceTree = "<group>"; };
		224B67B61E565E6800CC98D1 /* Assets.xcassets */ = {isa = PBXFileReference; lastKnownFileType = folder.assetcatalog; path = Assets.xcassets; sourceTree = "<group>"; };
		224B67B91E565E6800CC98D1 /* Base */ = {isa = PBXFileReference; lastKnownFileType = file.storyboard; name = Base; path = Base.lproj/LaunchScreen.storyboard; sourceTree = "<group>"; };
		224B67BB1E565E6800CC98D1 /* Info.plist */ = {isa = PBXFileReference; lastKnownFileType = text.plist.xml; path = Info.plist; sourceTree = "<group>"; };
		224B67C31E565F4800CC98D1 /* AgendaPrincipalVC.swift */ = {isa = PBXFileReference; fileEncoding = 4; lastKnownFileType = sourcecode.swift; path = AgendaPrincipalVC.swift; sourceTree = "<group>"; };
		224B67C81E56633E00CC98D1 /* TarefaMainCell.swift */ = {isa = PBXFileReference; fileEncoding = 4; lastKnownFileType = sourcecode.swift; path = TarefaMainCell.swift; sourceTree = "<group>"; };
		224B67CA1E56685200CC98D1 /* MainTabBarVC.swift */ = {isa = PBXFileReference; fileEncoding = 4; lastKnownFileType = sourcecode.swift; path = MainTabBarVC.swift; sourceTree = "<group>"; };
		224B67CC1E56688F00CC98D1 /* ListaPacientesVC.swift */ = {isa = PBXFileReference; fileEncoding = 4; lastKnownFileType = sourcecode.swift; path = ListaPacientesVC.swift; sourceTree = "<group>"; };
		224B67CE1E5668A900CC98D1 /* ListaProprietariosVC.swift */ = {isa = PBXFileReference; fileEncoding = 4; lastKnownFileType = sourcecode.swift; path = ListaProprietariosVC.swift; sourceTree = "<group>"; };
		224B67D01E566E1900CC98D1 /* SegueFromLeft.swift */ = {isa = PBXFileReference; fileEncoding = 4; lastKnownFileType = sourcecode.swift; path = SegueFromLeft.swift; sourceTree = "<group>"; };
		224B67D31E566FE600CC98D1 /* QuartzCore.framework */ = {isa = PBXFileReference; lastKnownFileType = wrapper.framework; name = QuartzCore.framework; path = System/Library/Frameworks/QuartzCore.framework; sourceTree = SDKROOT; };
/* End PBXFileReference section */

/* Begin PBXFrameworksBuildPhase section */
		224B67A91E565E6700CC98D1 /* Frameworks */ = {
			isa = PBXFrameworksBuildPhase;
			buildActionMask = 2147483647;
			files = (
				224B67D41E566FE600CC98D1 /* QuartzCore.framework in Frameworks */,
			);
			runOnlyForDeploymentPostprocessing = 0;
		};
/* End PBXFrameworksBuildPhase section */

/* Begin PBXGroup section */
		224B67A31E565E6700CC98D1 = {
			isa = PBXGroup;
			children = (
				224B67AE1E565E6700CC98D1 /* InternaVET */,
				224B67AD1E565E6700CC98D1 /* Products */,
				224B67D21E566FE600CC98D1 /* Frameworks */,
			);
			sourceTree = "<group>";
		};
		224B67AD1E565E6700CC98D1 /* Products */ = {
			isa = PBXGroup;
			children = (
				224B67AC1E565E6700CC98D1 /* InternaVET.app */,
			);
			name = Products;
			sourceTree = "<group>";
		};
		224B67AE1E565E6700CC98D1 /* InternaVET */ = {
			isa = PBXGroup;
			children = (
				224B67C61E5661BB00CC98D1 /* Business */,
				224B67C51E5661B500CC98D1 /* Model */,
				224B67C21E565F0F00CC98D1 /* View */,
				224B67C11E565EFD00CC98D1 /* Controller */,
				224B67AF1E565E6700CC98D1 /* AppDelegate.swift */,
				224B67B61E565E6800CC98D1 /* Assets.xcassets */,
				224B67B81E565E6800CC98D1 /* LaunchScreen.storyboard */,
				224B67BB1E565E6800CC98D1 /* Info.plist */,
			);
			path = InternaVET;
			sourceTree = "<group>";
		};
		224B67C11E565EFD00CC98D1 /* Controller */ = {
			isa = PBXGroup;
			children = (
				224B67C31E565F4800CC98D1 /* AgendaPrincipalVC.swift */,
				224B67CC1E56688F00CC98D1 /* ListaPacientesVC.swift */,
				224B67CE1E5668A900CC98D1 /* ListaProprietariosVC.swift */,
				224B67CA1E56685200CC98D1 /* MainTabBarVC.swift */,
			);
			name = Controller;
			sourceTree = "<group>";
		};
		224B67C21E565F0F00CC98D1 /* View */ = {
			isa = PBXGroup;
			children = (
				224B67C71E56631800CC98D1 /* TableViewCell */,
				224B67B31E565E6800CC98D1 /* Main.storyboard */,
				224B67D01E566E1900CC98D1 /* SegueFromLeft.swift */,
			);
			name = View;
			sourceTree = "<group>";
		};
		224B67C51E5661B500CC98D1 /* Model */ = {
			isa = PBXGroup;
			children = (
			);
			name = Model;
			sourceTree = "<group>";
		};
		224B67C61E5661BB00CC98D1 /* Business */ = {
			isa = PBXGroup;
			children = (
			);
			name = Business;
			sourceTree = "<group>";
		};
		224B67C71E56631800CC98D1 /* TableViewCell */ = {
			isa = PBXGroup;
			children = (
				224B67C81E56633E00CC98D1 /* TarefaMainCell.swift */,
			);
			name = TableViewCell;
			sourceTree = "<group>";
		};
		224B67D21E566FE600CC98D1 /* Frameworks */ = {
			isa = PBXGroup;
			children = (
				224B67D31E566FE600CC98D1 /* QuartzCore.framework */,
			);
			name = Frameworks;
			sourceTree = "<group>";
		};
/* End PBXGroup section */

/* Begin PBXNativeTarget section */
		224B67AB1E565E6700CC98D1 /* InternaVET */ = {
			isa = PBXNativeTarget;
			buildConfigurationList = 224B67BE1E565E6800CC98D1 /* Build configuration list for PBXNativeTarget "InternaVET" */;
			buildPhases = (
				224B67A81E565E6700CC98D1 /* Sources */,
				224B67A91E565E6700CC98D1 /* Frameworks */,
				224B67AA1E565E6700CC98D1 /* Resources */,
			);
			buildRules = (
			);
			dependencies = (
			);
			name = InternaVET;
			productName = InternaVET;
			productReference = 224B67AC1E565E6700CC98D1 /* InternaVET.app */;
			productType = "com.apple.product-type.application";
		};
/* End PBXNativeTarget section */

/* Begin PBXProject section */
		224B67A41E565E6700CC98D1 /* Project object */ = {
			isa = PBXProject;
			attributes = {
				LastSwiftUpdateCheck = 0820;
				LastUpgradeCheck = 0820;
				ORGANIZATIONNAME = "Jorge Luis";
				TargetAttributes = {
					224B67AB1E565E6700CC98D1 = {
						CreatedOnToolsVersion = 8.2.1;
						DevelopmentTeam = DNK4FB3T7J;
						ProvisioningStyle = Automatic;
					};
				};
			};
			buildConfigurationList = 224B67A71E565E6700CC98D1 /* Build configuration list for PBXProject "InternaVET" */;
			compatibilityVersion = "Xcode 3.2";
			developmentRegion = English;
			hasScannedForEncodings = 0;
			knownRegions = (
				en,
				Base,
			);
			mainGroup = 224B67A31E565E6700CC98D1;
			productRefGroup = 224B67AD1E565E6700CC98D1 /* Products */;
			projectDirPath = "";
			projectRoot = "";
			targets = (
				224B67AB1E565E6700CC98D1 /* InternaVET */,
			);
		};
/* End PBXProject section */

/* Begin PBXResourcesBuildPhase section */
		224B67AA1E565E6700CC98D1 /* Resources */ = {
			isa = PBXResourcesBuildPhase;
			buildActionMask = 2147483647;
			files = (
				224B67BA1E565E6800CC98D1 /* LaunchScreen.storyboard in Resources */,
				224B67B71E565E6800CC98D1 /* Assets.xcassets in Resources */,
				224B67B51E565E6800CC98D1 /* Main.storyboard in Resources */,
			);
			runOnlyForDeploymentPostprocessing = 0;
		};
/* End PBXResourcesBuildPhase section */

/* Begin PBXSourcesBuildPhase section */
		224B67A81E565E6700CC98D1 /* Sources */ = {
			isa = PBXSourcesBuildPhase;
			buildActionMask = 2147483647;
			files = (
				224B67B01E565E6700CC98D1 /* AppDelegate.swift in Sources */,
				224B67C41E565F4800CC98D1 /* AgendaPrincipalVC.swift in Sources */,
				224B67D11E566E1900CC98D1 /* SegueFromLeft.swift in Sources */,
				224B67CD1E56688F00CC98D1 /* ListaPacientesVC.swift in Sources */,
				224B67C91E56633E00CC98D1 /* TarefaMainCell.swift in Sources */,
				224B67CF1E5668A900CC98D1 /* ListaProprietariosVC.swift in Sources */,
				224B67CB1E56685200CC98D1 /* MainTabBarVC.swift in Sources */,
			);
			runOnlyForDeploymentPostprocessing = 0;
		};
/* End PBXSourcesBuildPhase section */

/* Begin PBXVariantGroup section */
		224B67B31E565E6800CC98D1 /* Main.storyboard */ = {
			isa = PBXVariantGroup;
			children = (
				224B67B41E565E6800CC98D1 /* Base */,
			);
			name = Main.storyboard;
			sourceTree = "<group>";
		};
		224B67B81E565E6800CC98D1 /* LaunchScreen.storyboard */ = {
			isa = PBXVariantGroup;
			children = (
				224B67B91E565E6800CC98D1 /* Base */,
			);
			name = LaunchScreen.storyboard;
			sourceTree = "<group>";
		};
/* End PBXVariantGroup section */

/* Begin XCBuildConfiguration section */
		224B67BC1E565E6800CC98D1 /* Debug */ = {
			isa = XCBuildConfiguration;
			buildSettings = {
				ALWAYS_SEARCH_USER_PATHS = NO;
				CLANG_ANALYZER_NONNULL = YES;
				CLANG_CXX_LANGUAGE_STANDARD = "gnu++0x";
				CLANG_CXX_LIBRARY = "libc++";
				CLANG_ENABLE_MODULES = YES;
				CLANG_ENABLE_OBJC_ARC = YES;
				CLANG_WARN_BOOL_CONVERSION = YES;
				CLANG_WARN_CONSTANT_CONVERSION = YES;
				CLANG_WARN_DIRECT_OBJC_ISA_USAGE = YES_ERROR;
				CLANG_WARN_DOCUMENTATION_COMMENTS = YES;
				CLANG_WARN_EMPTY_BODY = YES;
				CLANG_WARN_ENUM_CONVERSION = YES;
				CLANG_WARN_INFINITE_RECURSION = YES;
				CLANG_WARN_INT_CONVERSION = YES;
				CLANG_WARN_OBJC_ROOT_CLASS = YES_ERROR;
				CLANG_WARN_SUSPICIOUS_MOVE = YES;
				CLANG_WARN_UNREACHABLE_CODE = YES;
				CLANG_WARN__DUPLICATE_METHOD_MATCH = YES;
				"CODE_SIGN_IDENTITY[sdk=iphoneos*]" = "iPhone Developer";
				COPY_PHASE_STRIP = NO;
				DEBUG_INFORMATION_FORMAT = dwarf;
				ENABLE_STRICT_OBJC_MSGSEND = YES;
				ENABLE_TESTABILITY = YES;
				GCC_C_LANGUAGE_STANDARD = gnu99;
				GCC_DYNAMIC_NO_PIC = NO;
				GCC_NO_COMMON_BLOCKS = YES;
				GCC_OPTIMIZATION_LEVEL = 0;
				GCC_PREPROCESSOR_DEFINITIONS = (
					"DEBUG=1",
					"$(inherited)",
				);
				GCC_WARN_64_TO_32_BIT_CONVERSION = YES;
				GCC_WARN_ABOUT_RETURN_TYPE = YES_ERROR;
				GCC_WARN_UNDECLARED_SELECTOR = YES;
				GCC_WARN_UNINITIALIZED_AUTOS = YES_AGGRESSIVE;
				GCC_WARN_UNUSED_FUNCTION = YES;
				GCC_WARN_UNUSED_VARIABLE = YES;
				IPHONEOS_DEPLOYMENT_TARGET = 10.2;
				MTL_ENABLE_DEBUG_INFO = YES;
				ONLY_ACTIVE_ARCH = YES;
				SDKROOT = iphoneos;
				SWIFT_ACTIVE_COMPILATION_CONDITIONS = DEBUG;
				SWIFT_OPTIMIZATION_LEVEL = "-Onone";
			};
			name = Debug;
		};
		224B67BD1E565E6800CC98D1 /* Release */ = {
			isa = XCBuildConfiguration;
			buildSettings = {
				ALWAYS_SEARCH_USER_PATHS = NO;
				CLANG_ANALYZER_NONNULL = YES;
				CLANG_CXX_LANGUAGE_STANDARD = "gnu++0x";
				CLANG_CXX_LIBRARY = "libc++";
				CLANG_ENABLE_MODULES = YES;
				CLANG_ENABLE_OBJC_ARC = YES;
				CLANG_WARN_BOOL_CONVERSION = YES;
				CLANG_WARN_CONSTANT_CONVERSION = YES;
				CLANG_WARN_DIRECT_OBJC_ISA_USAGE = YES_ERROR;
				CLANG_WARN_DOCUMENTATION_COMMENTS = YES;
				CLANG_WARN_EMPTY_BODY = YES;
				CLANG_WARN_ENUM_CONVERSION = YES;
				CLANG_WARN_INFINITE_RECURSION = YES;
				CLANG_WARN_INT_CONVERSION = YES;
				CLANG_WARN_OBJC_ROOT_CLASS = YES_ERROR;
				CLANG_WARN_SUSPICIOUS_MOVE = YES;
				CLANG_WARN_UNREACHABLE_CODE = YES;
				CLANG_WARN__DUPLICATE_METHOD_MATCH = YES;
				"CODE_SIGN_IDENTITY[sdk=iphoneos*]" = "iPhone Developer";
				COPY_PHASE_STRIP = NO;
				DEBUG_INFORMATION_FORMAT = "dwarf-with-dsym";
				ENABLE_NS_ASSERTIONS = NO;
				ENABLE_STRICT_OBJC_MSGSEND = YES;
				GCC_C_LANGUAGE_STANDARD = gnu99;
				GCC_NO_COMMON_BLOCKS = YES;
				GCC_WARN_64_TO_32_BIT_CONVERSION = YES;
				GCC_WARN_ABOUT_RETURN_TYPE = YES_ERROR;
				GCC_WARN_UNDECLARED_SELECTOR = YES;
				GCC_WARN_UNINITIALIZED_AUTOS = YES_AGGRESSIVE;
				GCC_WARN_UNUSED_FUNCTION = YES;
				GCC_WARN_UNUSED_VARIABLE = YES;
				IPHONEOS_DEPLOYMENT_TARGET = 10.2;
				MTL_ENABLE_DEBUG_INFO = NO;
				SDKROOT = iphoneos;
				SWIFT_OPTIMIZATION_LEVEL = "-Owholemodule";
				VALIDATE_PRODUCT = YES;
			};
			name = Release;
		};
		224B67BF1E565E6800CC98D1 /* Debug */ = {
			isa = XCBuildConfiguration;
			buildSettings = {
				ASSETCATALOG_COMPILER_APPICON_NAME = AppIcon;
				DEVELOPMENT_TEAM = DNK4FB3T7J;
				INFOPLIST_FILE = InternaVET/Info.plist;
				LD_RUNPATH_SEARCH_PATHS = "$(inherited) @executable_path/Frameworks";
				PRODUCT_BUNDLE_IDENTIFIER = JorgeLuisXS.InternaVET;
				PRODUCT_NAME = "$(TARGET_NAME)";
				SWIFT_VERSION = 3.0;
			};
			name = Debug;
		};
		224B67C01E565E6800CC98D1 /* Release */ = {
			isa = XCBuildConfiguration;
			buildSettings = {
				ASSETCATALOG_COMPILER_APPICON_NAME = AppIcon;
				DEVELOPMENT_TEAM = DNK4FB3T7J;
				INFOPLIST_FILE = InternaVET/Info.plist;
				LD_RUNPATH_SEARCH_PATHS = "$(inherited) @executable_path/Frameworks";
				PRODUCT_BUNDLE_IDENTIFIER = JorgeLuisXS.InternaVET;
				PRODUCT_NAME = "$(TARGET_NAME)";
				SWIFT_VERSION = 3.0;
			};
			name = Release;
		};
/* End XCBuildConfiguration section */

/* Begin XCConfigurationList section */
		224B67A71E565E6700CC98D1 /* Build configuration list for PBXProject "InternaVET" */ = {
			isa = XCConfigurationList;
			buildConfigurations = (
				224B67BC1E565E6800CC98D1 /* Debug */,
				224B67BD1E565E6800CC98D1 /* Release */,
			);
			defaultConfigurationIsVisible = 0;
			defaultConfigurationName = Release;
		};
		224B67BE1E565E6800CC98D1 /* Build configuration list for PBXNativeTarget "InternaVET" */ = {
			isa = XCConfigurationList;
			buildConfigurations = (
				224B67BF1E565E6800CC98D1 /* Debug */,
				224B67C01E565E6800CC98D1 /* Release */,
			);
			defaultConfigurationIsVisible = 0;
		};
/* End XCConfigurationList section */
	};
	rootObject = 224B67A41E565E6700CC98D1 /* Project object */;
}
